// !$*UTF8*$!
{
	archiveVersion = 1;
	classes = {
	};
	objectVersion = 46;
	objects = {

/* Begin PBXBuildFile section */
		041F851FE71D0E3A7C11613A /* libPods.a in Frameworks */ = {isa = PBXBuildFile; fileRef = A3EC1D9E43C52520F2972EB0 /* libPods.a */; };
		3E2C55801B99765F00702866 /* GMPGoogleGeocoder.m in Sources */ = {isa = PBXBuildFile; fileRef = 3E2C557F1B99765F00702866 /* GMPGoogleGeocoder.m */; };
		3E5B6ECA1BCD6C8000C24821 /* GMPGovMapWebViewController.m in Sources */ = {isa = PBXBuildFile; fileRef = 3E5B6EC91BCD6C8000C24821 /* GMPGovMapWebViewController.m */; settings = {ASSET_TAGS = (); }; };
		3E820AB51B8F3D6400EDEEA4 /* GMPSearchWithAddressView.m in Sources */ = {isa = PBXBuildFile; fileRef = 3E820AB31B8F3D6400EDEEA4 /* GMPSearchWithAddressView.m */; };
		3E820ABA1B9035DB00EDEEA4 /* GMPSearchWithAddressViewController.m in Sources */ = {isa = PBXBuildFile; fileRef = 3E820AB91B9035DB00EDEEA4 /* GMPSearchWithAddressViewController.m */; };
		3E820ABE1B90379600EDEEA4 /* GMPSearchWithGeoNumbersView.m in Sources */ = {isa = PBXBuildFile; fileRef = 3E820ABD1B90379600EDEEA4 /* GMPSearchWithGeoNumbersView.m */; };
		3E820AC41B903FF700EDEEA4 /* GMPSearchWithGeoNumbersController.m in Sources */ = {isa = PBXBuildFile; fileRef = 3E820AC31B903FF700EDEEA4 /* GMPSearchWithGeoNumbersController.m */; };
		3E8F917C1B95AA8A00CDBF6F /* GMPBaseSearchView.m in Sources */ = {isa = PBXBuildFile; fileRef = 3E8F917B1B95AA8A00CDBF6F /* GMPBaseSearchView.m */; };
		3E8F91811B95CCE300CDBF6F /* UIResponder+FirstResponder.m in Sources */ = {isa = PBXBuildFile; fileRef = 3E8F91801B95CCE300CDBF6F /* UIResponder+FirstResponder.m */; };
		3EC10CAF1B94444000EF2DF6 /* GMPCadastre.m in Sources */ = {isa = PBXBuildFile; fileRef = 3EC10CAE1B94444000EF2DF6 /* GMPCadastre.m */; };
		3EFC40CC1B942FE700EEBC65 /* GMPCommunicator.m in Sources */ = {isa = PBXBuildFile; fileRef = 3EFC40CB1B942FE700EEBC65 /* GMPCommunicator.m */; };
		58A841981B9479180032AEF0 /* GMPSearchWithGeoNumbersView.xib in Resources */ = {isa = PBXBuildFile; fileRef = 58A8419A1B9479180032AEF0 /* GMPSearchWithGeoNumbersView.xib */; };
		58A8419F1B94792D0032AEF0 /* GMPSearchWithAddressView.xib in Resources */ = {isa = PBXBuildFile; fileRef = 58A841A11B94792D0032AEF0 /* GMPSearchWithAddressView.xib */; };
		58A841A61B9479410032AEF0 /* GMPMenuView.xib in Resources */ = {isa = PBXBuildFile; fileRef = 58A841A81B9479410032AEF0 /* GMPMenuView.xib */; };
		58A841AF1B947E270032AEF0 /* Localizable.strings in Resources */ = {isa = PBXBuildFile; fileRef = 58A841B11B947E270032AEF0 /* Localizable.strings */; };
		58A841B61B949E0D0032AEF0 /* GMPWazeNavigationService.m in Sources */ = {isa = PBXBuildFile; fileRef = 58A841B51B949E0C0032AEF0 /* GMPWazeNavigationService.m */; };
		58C1311A1B8EF5A60095045A /* main.m in Sources */ = {isa = PBXBuildFile; fileRef = 58C131191B8EF5A60095045A /* main.m */; };
		58C1311D1B8EF5A60095045A /* AppDelegate.m in Sources */ = {isa = PBXBuildFile; fileRef = 58C1311C1B8EF5A60095045A /* AppDelegate.m */; };
		58C131231B8EF5A60095045A /* Main.storyboard in Resources */ = {isa = PBXBuildFile; fileRef = 58C131211B8EF5A60095045A /* Main.storyboard */; };
		58C131251B8EF5A60095045A /* Images.xcassets in Resources */ = {isa = PBXBuildFile; fileRef = 58C131241B8EF5A60095045A /* Images.xcassets */; };
		58C131281B8EF5A60095045A /* LaunchScreen.xib in Resources */ = {isa = PBXBuildFile; fileRef = 58C131261B8EF5A60095045A /* LaunchScreen.xib */; };
		58C131341B8EF5A60095045A /* GovMapTests.m in Sources */ = {isa = PBXBuildFile; fileRef = 58C131331B8EF5A60095045A /* GovMapTests.m */; };
		58C131611B8F02C10095045A /* UIView+SoftRemoving.m in Sources */ = {isa = PBXBuildFile; fileRef = 58C131601B8F02C10095045A /* UIView+SoftRemoving.m */; };
		58C131641B8F02CE0095045A /* UIView+Shaking.m in Sources */ = {isa = PBXBuildFile; fileRef = 58C131631B8F02CE0095045A /* UIView+Shaking.m */; };
		58C131671B8F02E10095045A /* UIView+ConfigureAnchorPoint.m in Sources */ = {isa = PBXBuildFile; fileRef = 58C131661B8F02E10095045A /* UIView+ConfigureAnchorPoint.m */; };
		58C1316A1B8F02F00095045A /* UIView+MakeFromXib.m in Sources */ = {isa = PBXBuildFile; fileRef = 58C131691B8F02F00095045A /* UIView+MakeFromXib.m */; };
		58C1316D1B8F03030095045A /* UIImage+Base64Encoding.m in Sources */ = {isa = PBXBuildFile; fileRef = 58C1316C1B8F03030095045A /* UIImage+Base64Encoding.m */; };
		58C131701B8F03130095045A /* UIFont+Styles.m in Sources */ = {isa = PBXBuildFile; fileRef = 58C1316F1B8F03130095045A /* UIFont+Styles.m */; };
		58C131721B8F034D0095045A /* Foundation.framework in Frameworks */ = {isa = PBXBuildFile; fileRef = 58C131711B8F034D0095045A /* Foundation.framework */; };
		58C131741B8F03530095045A /* UIKit.framework in Frameworks */ = {isa = PBXBuildFile; fileRef = 58C131731B8F03530095045A /* UIKit.framework */; };
		58C131761B8F035F0095045A /* CoreGraphics.framework in Frameworks */ = {isa = PBXBuildFile; fileRef = 58C131751B8F035F0095045A /* CoreGraphics.framework */; };
		58C131781B8F03650095045A /* CoreLocation.framework in Frameworks */ = {isa = PBXBuildFile; fileRef = 58C131771B8F03650095045A /* CoreLocation.framework */; };
		58C1317A1B8F036A0095045A /* MapKit.framework in Frameworks */ = {isa = PBXBuildFile; fileRef = 58C131791B8F036A0095045A /* MapKit.framework */; };
		58C1317D1B8F03920095045A /* NSString+JSONRepresentation.m in Sources */ = {isa = PBXBuildFile; fileRef = 58C1317C1B8F03920095045A /* NSString+JSONRepresentation.m */; };
		58C131801B8F03A10095045A /* NSString+Base64Decoding.m in Sources */ = {isa = PBXBuildFile; fileRef = 58C1317F1B8F03A10095045A /* NSString+Base64Decoding.m */; };
		58C131831B8F03B00095045A /* NSString+ContainsString.m in Sources */ = {isa = PBXBuildFile; fileRef = 58C131821B8F03B00095045A /* NSString+ContainsString.m */; };
		58C131861B8F03C00095045A /* NSDictionary+JSONRepresentation.m in Sources */ = {isa = PBXBuildFile; fileRef = 58C131851B8F03C00095045A /* NSDictionary+JSONRepresentation.m */; };
		58C131891B8F04030095045A /* GMPSerialViewsConstructor.m in Sources */ = {isa = PBXBuildFile; fileRef = 58C131881B8F04030095045A /* GMPSerialViewsConstructor.m */; };
		58C1318C1B8F041F0095045A /* GMPAlertService.m in Sources */ = {isa = PBXBuildFile; fileRef = 58C1318B1B8F041F0095045A /* GMPAlertService.m */; };
		58C1318F1B8F043B0095045A /* GMPLocationObserver.m in Sources */ = {isa = PBXBuildFile; fileRef = 58C1318E1B8F043B0095045A /* GMPLocationObserver.m */; };
		58C131941B8F04920095045A /* GMPBaseViewController.m in Sources */ = {isa = PBXBuildFile; fileRef = 58C131931B8F04920095045A /* GMPBaseViewController.m */; };
		58C131971B8F04FB0095045A /* GMPBaseNavigationController.m in Sources */ = {isa = PBXBuildFile; fileRef = 58C131961B8F04FB0095045A /* GMPBaseNavigationController.m */; };
		58C1319B1B8F054A0095045A /* GMPMainMenuController.m in Sources */ = {isa = PBXBuildFile; fileRef = 58C1319A1B8F054A0095045A /* GMPMainMenuController.m */; };
		58C131A11B8F09C80095045A /* GMPSplashScreenController.m in Sources */ = {isa = PBXBuildFile; fileRef = 58C131A01B8F09C80095045A /* GMPSplashScreenController.m */; };
		58C7F3D41B999B6100BD6C64 /* GMPReachabilityService.m in Sources */ = {isa = PBXBuildFile; fileRef = 58C7F3D31B999B6100BD6C64 /* GMPReachabilityService.m */; };
		58C7F3DC1B999D0600BD6C64 /* SystemConfiguration.framework in Frameworks */ = {isa = PBXBuildFile; fileRef = 58C7F3DB1B999D0600BD6C64 /* SystemConfiguration.framework */; };
		58C7F3DF1B999E7F00BD6C64 /* Reachability.m in Sources */ = {isa = PBXBuildFile; fileRef = 58C7F3DE1B999E7F00BD6C64 /* Reachability.m */; };
		58C8E8291B95A3A7002F8F61 /* GMPLocationAddress.m in Sources */ = {isa = PBXBuildFile; fileRef = 58C8E8281B95A3A7002F8F61 /* GMPLocationAddress.m */; };
		58D7C82F1B997B3C00965EF2 /* GMPRoundedCornersButton.m in Sources */ = {isa = PBXBuildFile; fileRef = 58D7C82E1B997B3C00965EF2 /* GMPRoundedCornersButton.m */; };
		D35370FB1BB6E873002C9985 /* GMPAppLanguageSwitchController.xib in Resources */ = {isa = PBXBuildFile; fileRef = D35370FD1BB6E873002C9985 /* GMPAppLanguageSwitchController.xib */; };
		D363CE711B981BB4001836F5 /* Block45Smooth5384.gpx in Resources */ = {isa = PBXBuildFile; fileRef = D363CE6F1B981BB4001836F5 /* Block45Smooth5384.gpx */; };
		D36C847B1B95C54600193073 /* AddressBook.framework in Frameworks */ = {isa = PBXBuildFile; fileRef = D36C847A1B95C54600193073 /* AddressBook.framework */; };
		D3855A331BCE4F4D00FB2946 /* GMPTermsAndConditionsController.m in Sources */ = {isa = PBXBuildFile; fileRef = D3855A321BCE4F4D00FB2946 /* GMPTermsAndConditionsController.m */; settings = {ASSET_TAGS = (); }; };
		D39029AC1B9050A30097C4B6 /* GMPMapController.m in Sources */ = {isa = PBXBuildFile; fileRef = D39029AB1B9050A30097C4B6 /* GMPMapController.m */; };
		D39029B41B9060B80097C4B6 /* GMPUserAnnotation.m in Sources */ = {isa = PBXBuildFile; fileRef = D39029B31B9060B80097C4B6 /* GMPUserAnnotation.m */; };
		D3C859581BCE9D7C00C82814 /* GMPCheckBoxButton.m in Sources */ = {isa = PBXBuildFile; fileRef = D3C859571BCE9D7C00C82814 /* GMPCheckBoxButton.m */; settings = {ASSET_TAGS = (); }; };
		D3E2897F1B96E9B600F7C177 /* GMPLocationAddressParser.m in Sources */ = {isa = PBXBuildFile; fileRef = D3E2897E1B96E9B600F7C177 /* GMPLocationAddressParser.m */; };
		D3E5347B1B8F39FA00C9D87B /* GMPMenuView.m in Sources */ = {isa = PBXBuildFile; fileRef = D3E5347A1B8F39FA00C9D87B /* GMPMenuView.m */; };
		D3E7D2F91B9D91A700609406 /* GMPBorderedTextField.m in Sources */ = {isa = PBXBuildFile; fileRef = D3E7D2F81B9D91A700609406 /* GMPBorderedTextField.m */; };
		D3EEAAED1BB5749A00E1B192 /* GMPAppLanguageSwitchController.m in Sources */ = {isa = PBXBuildFile; fileRef = D3EEAAEB1BB5749A00E1B192 /* GMPAppLanguageSwitchController.m */; };
/* End PBXBuildFile section */

/* Begin PBXContainerItemProxy section */
		58C1312E1B8EF5A60095045A /* PBXContainerItemProxy */ = {
			isa = PBXContainerItemProxy;
			containerPortal = 58C1310C1B8EF5A50095045A /* Project object */;
			proxyType = 1;
			remoteGlobalIDString = 58C131131B8EF5A60095045A;
			remoteInfo = GovMap;
		};
/* End PBXContainerItemProxy section */

/* Begin PBXFileReference section */
		0062777DAD5A5BC2F5C8A757 /* Pods.debug.xcconfig */ = {isa = PBXFileReference; includeInIndex = 1; lastKnownFileType = text.xcconfig; name = Pods.debug.xcconfig; path = "Pods/Target Support Files/Pods/Pods.debug.xcconfig"; sourceTree = "<group>"; };
		1B6EBDB5D3D66E278DA2A0BA /* Pods.release.xcconfig */ = {isa = PBXFileReference; includeInIndex = 1; lastKnownFileType = text.xcconfig; name = Pods.release.xcconfig; path = "Pods/Target Support Files/Pods/Pods.release.xcconfig"; sourceTree = "<group>"; };
		3E2C557E1B99765F00702866 /* GMPGoogleGeocoder.h */ = {isa = PBXFileReference; fileEncoding = 4; lastKnownFileType = sourcecode.c.h; name = GMPGoogleGeocoder.h; path = Classes/Managers/GoogleGeocoder/GMPGoogleGeocoder.h; sourceTree = "<group>"; };
		3E2C557F1B99765F00702866 /* GMPGoogleGeocoder.m */ = {isa = PBXFileReference; fileEncoding = 4; lastKnownFileType = sourcecode.c.objc; name = GMPGoogleGeocoder.m; path = Classes/Managers/GoogleGeocoder/GMPGoogleGeocoder.m; sourceTree = "<group>"; };
		3E5B6EC81BCD6C8000C24821 /* GMPGovMapWebViewController.h */ = {isa = PBXFileReference; fileEncoding = 4; lastKnownFileType = sourcecode.c.h; name = GMPGovMapWebViewController.h; path = Classes/MVC/Controllers/GovMapWebViewController/GMPGovMapWebViewController.h; sourceTree = "<group>"; };
		3E5B6EC91BCD6C8000C24821 /* GMPGovMapWebViewController.m */ = {isa = PBXFileReference; fileEncoding = 4; lastKnownFileType = sourcecode.c.objc; name = GMPGovMapWebViewController.m; path = Classes/MVC/Controllers/GovMapWebViewController/GMPGovMapWebViewController.m; sourceTree = "<group>"; };
		3E820AB21B8F3D6400EDEEA4 /* GMPSearchWithAddressView.h */ = {isa = PBXFileReference; fileEncoding = 4; lastKnownFileType = sourcecode.c.h; name = GMPSearchWithAddressView.h; path = Classes/MVC/VIews/SearchWithAddressView/GMPSearchWithAddressView.h; sourceTree = "<group>"; };
		3E820AB31B8F3D6400EDEEA4 /* GMPSearchWithAddressView.m */ = {isa = PBXFileReference; fileEncoding = 4; lastKnownFileType = sourcecode.c.objc; name = GMPSearchWithAddressView.m; path = Classes/MVC/VIews/SearchWithAddressView/GMPSearchWithAddressView.m; sourceTree = "<group>"; };
		3E820AB81B9035DB00EDEEA4 /* GMPSearchWithAddressViewController.h */ = {isa = PBXFileReference; fileEncoding = 4; lastKnownFileType = sourcecode.c.h; name = GMPSearchWithAddressViewController.h; path = Classes/MVC/Controllers/SearchWithAddressController/GMPSearchWithAddressViewController.h; sourceTree = "<group>"; };
		3E820AB91B9035DB00EDEEA4 /* GMPSearchWithAddressViewController.m */ = {isa = PBXFileReference; fileEncoding = 4; lastKnownFileType = sourcecode.c.objc; name = GMPSearchWithAddressViewController.m; path = Classes/MVC/Controllers/SearchWithAddressController/GMPSearchWithAddressViewController.m; sourceTree = "<group>"; };
		3E820ABC1B90379600EDEEA4 /* GMPSearchWithGeoNumbersView.h */ = {isa = PBXFileReference; fileEncoding = 4; lastKnownFileType = sourcecode.c.h; name = GMPSearchWithGeoNumbersView.h; path = Classes/MVC/VIews/SearchWithGeoNumbersView/GMPSearchWithGeoNumbersView.h; sourceTree = "<group>"; };
		3E820ABD1B90379600EDEEA4 /* GMPSearchWithGeoNumbersView.m */ = {isa = PBXFileReference; fileEncoding = 4; lastKnownFileType = sourcecode.c.objc; name = GMPSearchWithGeoNumbersView.m; path = Classes/MVC/VIews/SearchWithGeoNumbersView/GMPSearchWithGeoNumbersView.m; sourceTree = "<group>"; };
		3E820AC21B903FF700EDEEA4 /* GMPSearchWithGeoNumbersController.h */ = {isa = PBXFileReference; fileEncoding = 4; lastKnownFileType = sourcecode.c.h; name = GMPSearchWithGeoNumbersController.h; path = Classes/MVC/Controllers/SearchWithGeoNubersController/GMPSearchWithGeoNumbersController.h; sourceTree = "<group>"; };
		3E820AC31B903FF700EDEEA4 /* GMPSearchWithGeoNumbersController.m */ = {isa = PBXFileReference; fileEncoding = 4; lastKnownFileType = sourcecode.c.objc; name = GMPSearchWithGeoNumbersController.m; path = Classes/MVC/Controllers/SearchWithGeoNubersController/GMPSearchWithGeoNumbersController.m; sourceTree = "<group>"; };
		3E8F917A1B95AA8A00CDBF6F /* GMPBaseSearchView.h */ = {isa = PBXFileReference; fileEncoding = 4; lastKnownFileType = sourcecode.c.h; name = GMPBaseSearchView.h; path = Classes/MVC/VIews/BaseSearchView/GMPBaseSearchView.h; sourceTree = "<group>"; };
		3E8F917B1B95AA8A00CDBF6F /* GMPBaseSearchView.m */ = {isa = PBXFileReference; fileEncoding = 4; lastKnownFileType = sourcecode.c.objc; name = GMPBaseSearchView.m; path = Classes/MVC/VIews/BaseSearchView/GMPBaseSearchView.m; sourceTree = "<group>"; };
		3E8F917F1B95CCE300CDBF6F /* UIResponder+FirstResponder.h */ = {isa = PBXFileReference; fileEncoding = 4; lastKnownFileType = sourcecode.c.h; name = "UIResponder+FirstResponder.h"; path = "Classes/Categories/UIResponder/UIResponder+FirstResponder/UIResponder+FirstResponder.h"; sourceTree = "<group>"; };
		3E8F91801B95CCE300CDBF6F /* UIResponder+FirstResponder.m */ = {isa = PBXFileReference; fileEncoding = 4; lastKnownFileType = sourcecode.c.objc; name = "UIResponder+FirstResponder.m"; path = "Classes/Categories/UIResponder/UIResponder+FirstResponder/UIResponder+FirstResponder.m"; sourceTree = "<group>"; };
		3EC10CAD1B94444000EF2DF6 /* GMPCadastre.h */ = {isa = PBXFileReference; fileEncoding = 4; lastKnownFileType = sourcecode.c.h; name = GMPCadastre.h; path = Classes/MVC/Models/Cadastre/GMPCadastre.h; sourceTree = "<group>"; };
		3EC10CAE1B94444000EF2DF6 /* GMPCadastre.m */ = {isa = PBXFileReference; fileEncoding = 4; lastKnownFileType = sourcecode.c.objc; name = GMPCadastre.m; path = Classes/MVC/Models/Cadastre/GMPCadastre.m; sourceTree = "<group>"; };
		3EC10CB41B94574C00EF2DF6 /* GMPCommunicatorDelegate.h */ = {isa = PBXFileReference; fileEncoding = 4; lastKnownFileType = sourcecode.c.h; name = GMPCommunicatorDelegate.h; path = Classes/Protocols/GovMapCommunicatorDelegate/GMPCommunicatorDelegate.h; sourceTree = "<group>"; };
		3EFC40CA1B942FE700EEBC65 /* GMPCommunicator.h */ = {isa = PBXFileReference; fileEncoding = 4; lastKnownFileType = sourcecode.c.h; name = GMPCommunicator.h; path = Classes/Managers/GovMapCommunicator/GMPCommunicator.h; sourceTree = "<group>"; };
		3EFC40CB1B942FE700EEBC65 /* GMPCommunicator.m */ = {isa = PBXFileReference; fileEncoding = 4; lastKnownFileType = sourcecode.c.objc; name = GMPCommunicator.m; path = Classes/Managers/GovMapCommunicator/GMPCommunicator.m; sourceTree = "<group>"; };
		58A841921B9479000032AEF0 /* he */ = {isa = PBXFileReference; lastKnownFileType = text.plist.strings; name = he; path = he.lproj/Main.strings; sourceTree = "<group>"; };
		58A841931B9479000032AEF0 /* he */ = {isa = PBXFileReference; lastKnownFileType = text.plist.strings; name = he; path = he.lproj/LaunchScreen.strings; sourceTree = "<group>"; };
		58A841951B9479050032AEF0 /* en */ = {isa = PBXFileReference; lastKnownFileType = text.plist.strings; name = en; path = en.lproj/Main.strings; sourceTree = "<group>"; };
		58A841971B94790A0032AEF0 /* en */ = {isa = PBXFileReference; lastKnownFileType = text.plist.strings; name = en; path = en.lproj/LaunchScreen.strings; sourceTree = "<group>"; };
		58A841991B9479180032AEF0 /* Base */ = {isa = PBXFileReference; lastKnownFileType = file.xib; name = Base; path = Base.lproj/GMPSearchWithGeoNumbersView.xib; sourceTree = "<group>"; };
		58A8419C1B94791C0032AEF0 /* en */ = {isa = PBXFileReference; lastKnownFileType = text.plist.strings; name = en; path = en.lproj/GMPSearchWithGeoNumbersView.strings; sourceTree = "<group>"; };
		58A8419E1B94791F0032AEF0 /* he */ = {isa = PBXFileReference; lastKnownFileType = text.plist.strings; name = he; path = he.lproj/GMPSearchWithGeoNumbersView.strings; sourceTree = "<group>"; };
		58A841A01B94792D0032AEF0 /* Base */ = {isa = PBXFileReference; lastKnownFileType = file.xib; name = Base; path = Base.lproj/GMPSearchWithAddressView.xib; sourceTree = "<group>"; };
		58A841A31B94792F0032AEF0 /* en */ = {isa = PBXFileReference; lastKnownFileType = text.plist.strings; name = en; path = en.lproj/GMPSearchWithAddressView.strings; sourceTree = "<group>"; };
		58A841A51B9479310032AEF0 /* he */ = {isa = PBXFileReference; lastKnownFileType = text.plist.strings; name = he; path = he.lproj/GMPSearchWithAddressView.strings; sourceTree = "<group>"; };
		58A841A71B9479410032AEF0 /* Base */ = {isa = PBXFileReference; lastKnownFileType = file.xib; name = Base; path = Base.lproj/GMPMenuView.xib; sourceTree = "<group>"; };
		58A841AA1B9479440032AEF0 /* en */ = {isa = PBXFileReference; lastKnownFileType = text.plist.strings; name = en; path = en.lproj/GMPMenuView.strings; sourceTree = "<group>"; };
		58A841AC1B9479460032AEF0 /* he */ = {isa = PBXFileReference; lastKnownFileType = text.plist.strings; name = he; path = he.lproj/GMPMenuView.strings; sourceTree = "<group>"; };
		58A841B01B947E270032AEF0 /* en */ = {isa = PBXFileReference; lastKnownFileType = text.plist.strings; name = en; path = en.lproj/Localizable.strings; sourceTree = "<group>"; };
		58A841B21B947E2B0032AEF0 /* he */ = {isa = PBXFileReference; lastKnownFileType = text.plist.strings; name = he; path = he.lproj/Localizable.strings; sourceTree = "<group>"; };
		58A841B41B949E0C0032AEF0 /* GMPWazeNavigationService.h */ = {isa = PBXFileReference; fileEncoding = 4; lastKnownFileType = sourcecode.c.h; name = GMPWazeNavigationService.h; path = Classes/Services/WazeNavigationService/GMPWazeNavigationService.h; sourceTree = "<group>"; };
		58A841B51B949E0C0032AEF0 /* GMPWazeNavigationService.m */ = {isa = PBXFileReference; fileEncoding = 4; lastKnownFileType = sourcecode.c.objc; name = GMPWazeNavigationService.m; path = Classes/Services/WazeNavigationService/GMPWazeNavigationService.m; sourceTree = "<group>"; };
		58C131141B8EF5A60095045A /* Relocate.app */ = {isa = PBXFileReference; explicitFileType = wrapper.application; includeInIndex = 0; path = Relocate.app; sourceTree = BUILT_PRODUCTS_DIR; };
		58C131181B8EF5A60095045A /* Info.plist */ = {isa = PBXFileReference; lastKnownFileType = text.plist.xml; path = Info.plist; sourceTree = "<group>"; };
		58C131191B8EF5A60095045A /* main.m */ = {isa = PBXFileReference; lastKnownFileType = sourcecode.c.objc; path = main.m; sourceTree = "<group>"; };
		58C1311B1B8EF5A60095045A /* AppDelegate.h */ = {isa = PBXFileReference; lastKnownFileType = sourcecode.c.h; path = AppDelegate.h; sourceTree = "<group>"; };
		58C1311C1B8EF5A60095045A /* AppDelegate.m */ = {isa = PBXFileReference; lastKnownFileType = sourcecode.c.objc; path = AppDelegate.m; sourceTree = "<group>"; };
		58C131221B8EF5A60095045A /* Base */ = {isa = PBXFileReference; lastKnownFileType = file.storyboard; name = Base; path = Base.lproj/Main.storyboard; sourceTree = "<group>"; };
		58C131241B8EF5A60095045A /* Images.xcassets */ = {isa = PBXFileReference; lastKnownFileType = folder.assetcatalog; path = Images.xcassets; sourceTree = "<group>"; };
		58C131271B8EF5A60095045A /* Base */ = {isa = PBXFileReference; lastKnownFileType = file.xib; name = Base; path = Base.lproj/LaunchScreen.xib; sourceTree = "<group>"; };
		58C1312D1B8EF5A60095045A /* RelocateTests.xctest */ = {isa = PBXFileReference; explicitFileType = wrapper.cfbundle; includeInIndex = 0; path = RelocateTests.xctest; sourceTree = BUILT_PRODUCTS_DIR; };
		58C131321B8EF5A60095045A /* Info.plist */ = {isa = PBXFileReference; lastKnownFileType = text.plist.xml; path = Info.plist; sourceTree = "<group>"; };
		58C131331B8EF5A60095045A /* GovMapTests.m */ = {isa = PBXFileReference; lastKnownFileType = sourcecode.c.objc; path = GovMapTests.m; sourceTree = "<group>"; };
		58C1314E1B8EFEE50095045A /* GMPGlobalConstants.h */ = {isa = PBXFileReference; fileEncoding = 4; lastKnownFileType = sourcecode.c.h; name = GMPGlobalConstants.h; path = Classes/Utilities/GlobalConstants/GMPGlobalConstants.h; sourceTree = "<group>"; };
		58C1315F1B8F02C10095045A /* UIView+SoftRemoving.h */ = {isa = PBXFileReference; fileEncoding = 4; lastKnownFileType = sourcecode.c.h; name = "UIView+SoftRemoving.h"; path = "Classes/Categories/UIView/UIView+SoftRemoving/UIView+SoftRemoving.h"; sourceTree = "<group>"; };
		58C131601B8F02C10095045A /* UIView+SoftRemoving.m */ = {isa = PBXFileReference; fileEncoding = 4; lastKnownFileType = sourcecode.c.objc; name = "UIView+SoftRemoving.m"; path = "Classes/Categories/UIView/UIView+SoftRemoving/UIView+SoftRemoving.m"; sourceTree = "<group>"; };
		58C131621B8F02CE0095045A /* UIView+Shaking.h */ = {isa = PBXFileReference; fileEncoding = 4; lastKnownFileType = sourcecode.c.h; name = "UIView+Shaking.h"; path = "Classes/Categories/UIView/UIView+Shaking/UIView+Shaking.h"; sourceTree = "<group>"; };
		58C131631B8F02CE0095045A /* UIView+Shaking.m */ = {isa = PBXFileReference; fileEncoding = 4; lastKnownFileType = sourcecode.c.objc; name = "UIView+Shaking.m"; path = "Classes/Categories/UIView/UIView+Shaking/UIView+Shaking.m"; sourceTree = "<group>"; };
		58C131651B8F02E10095045A /* UIView+ConfigureAnchorPoint.h */ = {isa = PBXFileReference; fileEncoding = 4; lastKnownFileType = sourcecode.c.h; name = "UIView+ConfigureAnchorPoint.h"; path = "Classes/Categories/UIView/UIView+ConfigureAnchorPoint/UIView+ConfigureAnchorPoint.h"; sourceTree = "<group>"; };
		58C131661B8F02E10095045A /* UIView+ConfigureAnchorPoint.m */ = {isa = PBXFileReference; fileEncoding = 4; lastKnownFileType = sourcecode.c.objc; name = "UIView+ConfigureAnchorPoint.m"; path = "Classes/Categories/UIView/UIView+ConfigureAnchorPoint/UIView+ConfigureAnchorPoint.m"; sourceTree = "<group>"; };
		58C131681B8F02F00095045A /* UIView+MakeFromXib.h */ = {isa = PBXFileReference; fileEncoding = 4; lastKnownFileType = sourcecode.c.h; name = "UIView+MakeFromXib.h"; path = "Classes/Categories/UIView/UIView+MakeFromXib/UIView+MakeFromXib.h"; sourceTree = "<group>"; };
		58C131691B8F02F00095045A /* UIView+MakeFromXib.m */ = {isa = PBXFileReference; fileEncoding = 4; lastKnownFileType = sourcecode.c.objc; name = "UIView+MakeFromXib.m"; path = "Classes/Categories/UIView/UIView+MakeFromXib/UIView+MakeFromXib.m"; sourceTree = "<group>"; };
		58C1316B1B8F03030095045A /* UIImage+Base64Encoding.h */ = {isa = PBXFileReference; fileEncoding = 4; lastKnownFileType = sourcecode.c.h; name = "UIImage+Base64Encoding.h"; path = "Classes/Categories/UIImage/UIImage+Base64Encoding/UIImage+Base64Encoding.h"; sourceTree = "<group>"; };
		58C1316C1B8F03030095045A /* UIImage+Base64Encoding.m */ = {isa = PBXFileReference; fileEncoding = 4; lastKnownFileType = sourcecode.c.objc; name = "UIImage+Base64Encoding.m"; path = "Classes/Categories/UIImage/UIImage+Base64Encoding/UIImage+Base64Encoding.m"; sourceTree = "<group>"; };
		58C1316E1B8F03130095045A /* UIFont+Styles.h */ = {isa = PBXFileReference; fileEncoding = 4; lastKnownFileType = sourcecode.c.h; name = "UIFont+Styles.h"; path = "Classes/Categories/UIFont/UIFont+Styles/UIFont+Styles.h"; sourceTree = "<group>"; };
		58C1316F1B8F03130095045A /* UIFont+Styles.m */ = {isa = PBXFileReference; fileEncoding = 4; lastKnownFileType = sourcecode.c.objc; name = "UIFont+Styles.m"; path = "Classes/Categories/UIFont/UIFont+Styles/UIFont+Styles.m"; sourceTree = "<group>"; };
		58C131711B8F034D0095045A /* Foundation.framework */ = {isa = PBXFileReference; lastKnownFileType = wrapper.framework; name = Foundation.framework; path = System/Library/Frameworks/Foundation.framework; sourceTree = SDKROOT; };
		58C131731B8F03530095045A /* UIKit.framework */ = {isa = PBXFileReference; lastKnownFileType = wrapper.framework; name = UIKit.framework; path = System/Library/Frameworks/UIKit.framework; sourceTree = SDKROOT; };
		58C131751B8F035F0095045A /* CoreGraphics.framework */ = {isa = PBXFileReference; lastKnownFileType = wrapper.framework; name = CoreGraphics.framework; path = System/Library/Frameworks/CoreGraphics.framework; sourceTree = SDKROOT; };
		58C131771B8F03650095045A /* CoreLocation.framework */ = {isa = PBXFileReference; lastKnownFileType = wrapper.framework; name = CoreLocation.framework; path = System/Library/Frameworks/CoreLocation.framework; sourceTree = SDKROOT; };
		58C131791B8F036A0095045A /* MapKit.framework */ = {isa = PBXFileReference; lastKnownFileType = wrapper.framework; name = MapKit.framework; path = System/Library/Frameworks/MapKit.framework; sourceTree = SDKROOT; };
		58C1317B1B8F03920095045A /* NSString+JSONRepresentation.h */ = {isa = PBXFileReference; fileEncoding = 4; lastKnownFileType = sourcecode.c.h; name = "NSString+JSONRepresentation.h"; path = "Classes/Categories/NSString/NSString+JSONRepresentation/NSString+JSONRepresentation.h"; sourceTree = "<group>"; };
		58C1317C1B8F03920095045A /* NSString+JSONRepresentation.m */ = {isa = PBXFileReference; fileEncoding = 4; lastKnownFileType = sourcecode.c.objc; name = "NSString+JSONRepresentation.m"; path = "Classes/Categories/NSString/NSString+JSONRepresentation/NSString+JSONRepresentation.m"; sourceTree = "<group>"; };
		58C1317E1B8F03A10095045A /* NSString+Base64Decoding.h */ = {isa = PBXFileReference; fileEncoding = 4; lastKnownFileType = sourcecode.c.h; name = "NSString+Base64Decoding.h"; path = "Classes/Categories/NSString/NSString+Base64Decoding/NSString+Base64Decoding.h"; sourceTree = "<group>"; };
		58C1317F1B8F03A10095045A /* NSString+Base64Decoding.m */ = {isa = PBXFileReference; fileEncoding = 4; lastKnownFileType = sourcecode.c.objc; name = "NSString+Base64Decoding.m"; path = "Classes/Categories/NSString/NSString+Base64Decoding/NSString+Base64Decoding.m"; sourceTree = "<group>"; };
		58C131811B8F03B00095045A /* NSString+ContainsString.h */ = {isa = PBXFileReference; fileEncoding = 4; lastKnownFileType = sourcecode.c.h; name = "NSString+ContainsString.h"; path = "Classes/Categories/NSString/NSString+ContainsString/NSString+ContainsString.h"; sourceTree = "<group>"; };
		58C131821B8F03B00095045A /* NSString+ContainsString.m */ = {isa = PBXFileReference; fileEncoding = 4; lastKnownFileType = sourcecode.c.objc; name = "NSString+ContainsString.m"; path = "Classes/Categories/NSString/NSString+ContainsString/NSString+ContainsString.m"; sourceTree = "<group>"; };
		58C131841B8F03C00095045A /* NSDictionary+JSONRepresentation.h */ = {isa = PBXFileReference; fileEncoding = 4; lastKnownFileType = sourcecode.c.h; name = "NSDictionary+JSONRepresentation.h"; path = "Classes/Categories/NSDictionary/NSDictionary+JSONRepresentation/NSDictionary+JSONRepresentation.h"; sourceTree = "<group>"; };
		58C131851B8F03C00095045A /* NSDictionary+JSONRepresentation.m */ = {isa = PBXFileReference; fileEncoding = 4; lastKnownFileType = sourcecode.c.objc; name = "NSDictionary+JSONRepresentation.m"; path = "Classes/Categories/NSDictionary/NSDictionary+JSONRepresentation/NSDictionary+JSONRepresentation.m"; sourceTree = "<group>"; };
		58C131871B8F04030095045A /* GMPSerialViewsConstructor.h */ = {isa = PBXFileReference; fileEncoding = 4; lastKnownFileType = sourcecode.c.h; name = GMPSerialViewsConstructor.h; path = Classes/Services/SerialViewsConstructor/GMPSerialViewsConstructor.h; sourceTree = "<group>"; };
		58C131881B8F04030095045A /* GMPSerialViewsConstructor.m */ = {isa = PBXFileReference; fileEncoding = 4; lastKnownFileType = sourcecode.c.objc; name = GMPSerialViewsConstructor.m; path = Classes/Services/SerialViewsConstructor/GMPSerialViewsConstructor.m; sourceTree = "<group>"; };
		58C1318A1B8F041F0095045A /* GMPAlertService.h */ = {isa = PBXFileReference; fileEncoding = 4; lastKnownFileType = sourcecode.c.h; name = GMPAlertService.h; path = Classes/Services/AlertService/GMPAlertService.h; sourceTree = "<group>"; };
		58C1318B1B8F041F0095045A /* GMPAlertService.m */ = {isa = PBXFileReference; fileEncoding = 4; lastKnownFileType = sourcecode.c.objc; name = GMPAlertService.m; path = Classes/Services/AlertService/GMPAlertService.m; sourceTree = "<group>"; };
		58C1318D1B8F043B0095045A /* GMPLocationObserver.h */ = {isa = PBXFileReference; fileEncoding = 4; lastKnownFileType = sourcecode.c.h; name = GMPLocationObserver.h; path = Classes/Managers/LocationObserver/GMPLocationObserver.h; sourceTree = "<group>"; };
		58C1318E1B8F043B0095045A /* GMPLocationObserver.m */ = {isa = PBXFileReference; fileEncoding = 4; lastKnownFileType = sourcecode.c.objc; name = GMPLocationObserver.m; path = Classes/Managers/LocationObserver/GMPLocationObserver.m; sourceTree = "<group>"; };
		58C131921B8F04920095045A /* GMPBaseViewController.h */ = {isa = PBXFileReference; fileEncoding = 4; lastKnownFileType = sourcecode.c.h; name = GMPBaseViewController.h; path = Classes/MVC/Controllers/BaseViewController/GMPBaseViewController.h; sourceTree = "<group>"; };
		58C131931B8F04920095045A /* GMPBaseViewController.m */ = {isa = PBXFileReference; fileEncoding = 4; lastKnownFileType = sourcecode.c.objc; name = GMPBaseViewController.m; path = Classes/MVC/Controllers/BaseViewController/GMPBaseViewController.m; sourceTree = "<group>"; };
		58C131951B8F04FB0095045A /* GMPBaseNavigationController.h */ = {isa = PBXFileReference; fileEncoding = 4; lastKnownFileType = sourcecode.c.h; name = GMPBaseNavigationController.h; path = Classes/MVC/Controllers/BaseNavigationController/GMPBaseNavigationController.h; sourceTree = "<group>"; };
		58C131961B8F04FB0095045A /* GMPBaseNavigationController.m */ = {isa = PBXFileReference; fileEncoding = 4; lastKnownFileType = sourcecode.c.objc; name = GMPBaseNavigationController.m; path = Classes/MVC/Controllers/BaseNavigationController/GMPBaseNavigationController.m; sourceTree = "<group>"; };
		58C131991B8F054A0095045A /* GMPMainMenuController.h */ = {isa = PBXFileReference; fileEncoding = 4; lastKnownFileType = sourcecode.c.h; name = GMPMainMenuController.h; path = Classes/MVC/Controllers/MainMenuController/GMPMainMenuController.h; sourceTree = "<group>"; };
		58C1319A1B8F054A0095045A /* GMPMainMenuController.m */ = {isa = PBXFileReference; fileEncoding = 4; lastKnownFileType = sourcecode.c.objc; name = GMPMainMenuController.m; path = Classes/MVC/Controllers/MainMenuController/GMPMainMenuController.m; sourceTree = "<group>"; };
		58C1319C1B8F05A60095045A /* GMPMacros.h */ = {isa = PBXFileReference; fileEncoding = 4; lastKnownFileType = sourcecode.c.h; name = GMPMacros.h; path = Macros/GMPMacros.h; sourceTree = "<group>"; };
		58C1319D1B8F05FC0095045A /* Relocate-Prefix.pch */ = {isa = PBXFileReference; lastKnownFileType = sourcecode.c.h; path = "Relocate-Prefix.pch"; sourceTree = "<group>"; };
		58C1319F1B8F09C80095045A /* GMPSplashScreenController.h */ = {isa = PBXFileReference; fileEncoding = 4; lastKnownFileType = sourcecode.c.h; name = GMPSplashScreenController.h; path = Classes/MVC/Controllers/SplashScreenController/GMPSplashScreenController.h; sourceTree = "<group>"; };
		58C131A01B8F09C80095045A /* GMPSplashScreenController.m */ = {isa = PBXFileReference; fileEncoding = 4; lastKnownFileType = sourcecode.c.objc; name = GMPSplashScreenController.m; path = Classes/MVC/Controllers/SplashScreenController/GMPSplashScreenController.m; sourceTree = "<group>"; };
		58C7F3D21B999B6100BD6C64 /* GMPReachabilityService.h */ = {isa = PBXFileReference; fileEncoding = 4; lastKnownFileType = sourcecode.c.h; name = GMPReachabilityService.h; path = Classes/Services/ReachabilityService/GMPReachabilityService.h; sourceTree = "<group>"; };
		58C7F3D31B999B6100BD6C64 /* GMPReachabilityService.m */ = {isa = PBXFileReference; fileEncoding = 4; lastKnownFileType = sourcecode.c.objc; name = GMPReachabilityService.m; path = Classes/Services/ReachabilityService/GMPReachabilityService.m; sourceTree = "<group>"; };
		58C7F3DB1B999D0600BD6C64 /* SystemConfiguration.framework */ = {isa = PBXFileReference; lastKnownFileType = wrapper.framework; name = SystemConfiguration.framework; path = System/Library/Frameworks/SystemConfiguration.framework; sourceTree = SDKROOT; };
		58C7F3DD1B999E7F00BD6C64 /* Reachability.h */ = {isa = PBXFileReference; fileEncoding = 4; lastKnownFileType = sourcecode.c.h; path = Reachability.h; sourceTree = "<group>"; };
		58C7F3DE1B999E7F00BD6C64 /* Reachability.m */ = {isa = PBXFileReference; fileEncoding = 4; lastKnownFileType = sourcecode.c.objc; path = Reachability.m; sourceTree = "<group>"; };
		58C8E8271B95A3A7002F8F61 /* GMPLocationAddress.h */ = {isa = PBXFileReference; fileEncoding = 4; lastKnownFileType = sourcecode.c.h; name = GMPLocationAddress.h; path = Classes/MVC/Models/LocationAddress/GMPLocationAddress.h; sourceTree = "<group>"; };
		58C8E8281B95A3A7002F8F61 /* GMPLocationAddress.m */ = {isa = PBXFileReference; fileEncoding = 4; lastKnownFileType = sourcecode.c.objc; name = GMPLocationAddress.m; path = Classes/MVC/Models/LocationAddress/GMPLocationAddress.m; sourceTree = "<group>"; };
		58D7C82D1B997B3C00965EF2 /* GMPRoundedCornersButton.h */ = {isa = PBXFileReference; fileEncoding = 4; lastKnownFileType = sourcecode.c.h; name = GMPRoundedCornersButton.h; path = Classes/MVC/Views/RoundedCornersButton/GMPRoundedCornersButton.h; sourceTree = "<group>"; };
		58D7C82E1B997B3C00965EF2 /* GMPRoundedCornersButton.m */ = {isa = PBXFileReference; fileEncoding = 4; lastKnownFileType = sourcecode.c.objc; name = GMPRoundedCornersButton.m; path = Classes/MVC/Views/RoundedCornersButton/GMPRoundedCornersButton.m; sourceTree = "<group>"; };
		A3EC1D9E43C52520F2972EB0 /* libPods.a */ = {isa = PBXFileReference; explicitFileType = archive.ar; includeInIndex = 0; path = libPods.a; sourceTree = BUILT_PRODUCTS_DIR; };
		D35370FC1BB6E873002C9985 /* Base */ = {isa = PBXFileReference; lastKnownFileType = file.xib; name = Base; path = Base.lproj/GMPAppLanguageSwitchController.xib; sourceTree = "<group>"; };
		D35370FF1BB6E87F002C9985 /* en */ = {isa = PBXFileReference; lastKnownFileType = text.plist.strings; name = en; path = en.lproj/GMPAppLanguageSwitchController.strings; sourceTree = "<group>"; };
		D35371011BB6E89E002C9985 /* he */ = {isa = PBXFileReference; lastKnownFileType = text.plist.strings; name = he; path = he.lproj/GMPAppLanguageSwitchController.strings; sourceTree = "<group>"; };
		D363CE6F1B981BB4001836F5 /* Block45Smooth5384.gpx */ = {isa = PBXFileReference; fileEncoding = 4; lastKnownFileType = text.xml; name = Block45Smooth5384.gpx; path = LocationFiles/Block45Smooth5384.gpx; sourceTree = "<group>"; };
		D36C847A1B95C54600193073 /* AddressBook.framework */ = {isa = PBXFileReference; lastKnownFileType = wrapper.framework; name = AddressBook.framework; path = System/Library/Frameworks/AddressBook.framework; sourceTree = SDKROOT; };
		D3855A311BCE4F4D00FB2946 /* GMPTermsAndConditionsController.h */ = {isa = PBXFileReference; fileEncoding = 4; lastKnownFileType = sourcecode.c.h; name = GMPTermsAndConditionsController.h; path = Classes/MVC/Controllers/TermsAndConditionsController/GMPTermsAndConditionsController.h; sourceTree = "<group>"; };
		D3855A321BCE4F4D00FB2946 /* GMPTermsAndConditionsController.m */ = {isa = PBXFileReference; fileEncoding = 4; lastKnownFileType = sourcecode.c.objc; name = GMPTermsAndConditionsController.m; path = Classes/MVC/Controllers/TermsAndConditionsController/GMPTermsAndConditionsController.m; sourceTree = "<group>"; };
		D39029AA1B9050A30097C4B6 /* GMPMapController.h */ = {isa = PBXFileReference; fileEncoding = 4; lastKnownFileType = sourcecode.c.h; name = GMPMapController.h; path = Classes/MVC/Controllers/MapController/GMPMapController.h; sourceTree = "<group>"; };
		D39029AB1B9050A30097C4B6 /* GMPMapController.m */ = {isa = PBXFileReference; fileEncoding = 4; lastKnownFileType = sourcecode.c.objc; name = GMPMapController.m; path = Classes/MVC/Controllers/MapController/GMPMapController.m; sourceTree = "<group>"; };
		D39029B21B9060B80097C4B6 /* GMPUserAnnotation.h */ = {isa = PBXFileReference; fileEncoding = 4; lastKnownFileType = sourcecode.c.h; name = GMPUserAnnotation.h; path = Classes/Services/UserAnnotationServise/GMPUserAnnotation.h; sourceTree = "<group>"; };
		D39029B31B9060B80097C4B6 /* GMPUserAnnotation.m */ = {isa = PBXFileReference; fileEncoding = 4; lastKnownFileType = sourcecode.c.objc; name = GMPUserAnnotation.m; path = Classes/Services/UserAnnotationServise/GMPUserAnnotation.m; sourceTree = "<group>"; };
		D3C859561BCE9D7C00C82814 /* GMPCheckBoxButton.h */ = {isa = PBXFileReference; fileEncoding = 4; lastKnownFileType = sourcecode.c.h; name = GMPCheckBoxButton.h; path = Classes/MVC/Views/CheckBoxButton/GMPCheckBoxButton.h; sourceTree = "<group>"; };
		D3C859571BCE9D7C00C82814 /* GMPCheckBoxButton.m */ = {isa = PBXFileReference; fileEncoding = 4; lastKnownFileType = sourcecode.c.objc; name = GMPCheckBoxButton.m; path = Classes/MVC/Views/CheckBoxButton/GMPCheckBoxButton.m; sourceTree = "<group>"; };
		D3E2897D1B96E9B600F7C177 /* GMPLocationAddressParser.h */ = {isa = PBXFileReference; fileEncoding = 4; lastKnownFileType = sourcecode.c.h; name = GMPLocationAddressParser.h; path = Classes/Services/LocationAddressParser/GMPLocationAddressParser.h; sourceTree = "<group>"; };
		D3E2897E1B96E9B600F7C177 /* GMPLocationAddressParser.m */ = {isa = PBXFileReference; fileEncoding = 4; lastKnownFileType = sourcecode.c.objc; name = GMPLocationAddressParser.m; path = Classes/Services/LocationAddressParser/GMPLocationAddressParser.m; sourceTree = "<group>"; };
		D3E534791B8F39FA00C9D87B /* GMPMenuView.h */ = {isa = PBXFileReference; fileEncoding = 4; lastKnownFileType = sourcecode.c.h; name = GMPMenuView.h; path = Classes/MVC/Views/MenuView/GMPMenuView.h; sourceTree = "<group>"; };
		D3E5347A1B8F39FA00C9D87B /* GMPMenuView.m */ = {isa = PBXFileReference; fileEncoding = 4; lastKnownFileType = sourcecode.c.objc; name = GMPMenuView.m; path = Classes/MVC/Views/MenuView/GMPMenuView.m; sourceTree = "<group>"; };
		D3E7D2F71B9D91A700609406 /* GMPBorderedTextField.h */ = {isa = PBXFileReference; fileEncoding = 4; lastKnownFileType = sourcecode.c.h; path = GMPBorderedTextField.h; sourceTree = "<group>"; };
		D3E7D2F81B9D91A700609406 /* GMPBorderedTextField.m */ = {isa = PBXFileReference; fileEncoding = 4; lastKnownFileType = sourcecode.c.objc; path = GMPBorderedTextField.m; sourceTree = "<group>"; };
		D3EEAAEA1BB5749A00E1B192 /* GMPAppLanguageSwitchController.h */ = {isa = PBXFileReference; fileEncoding = 4; lastKnownFileType = sourcecode.c.h; name = GMPAppLanguageSwitchController.h; path = Classes/MVC/Controllers/AppLanguageSwitch/GMPAppLanguageSwitchController.h; sourceTree = "<group>"; };
		D3EEAAEB1BB5749A00E1B192 /* GMPAppLanguageSwitchController.m */ = {isa = PBXFileReference; fileEncoding = 4; lastKnownFileType = sourcecode.c.objc; name = GMPAppLanguageSwitchController.m; path = Classes/MVC/Controllers/AppLanguageSwitch/GMPAppLanguageSwitchController.m; sourceTree = "<group>"; };
/* End PBXFileReference section */

/* Begin PBXFrameworksBuildPhase section */
		58C131111B8EF5A60095045A /* Frameworks */ = {
			isa = PBXFrameworksBuildPhase;
			buildActionMask = 2147483647;
			files = (
				58C7F3DC1B999D0600BD6C64 /* SystemConfiguration.framework in Frameworks */,
				D36C847B1B95C54600193073 /* AddressBook.framework in Frameworks */,
				58C1317A1B8F036A0095045A /* MapKit.framework in Frameworks */,
				58C131781B8F03650095045A /* CoreLocation.framework in Frameworks */,
				58C131761B8F035F0095045A /* CoreGraphics.framework in Frameworks */,
				58C131741B8F03530095045A /* UIKit.framework in Frameworks */,
				58C131721B8F034D0095045A /* Foundation.framework in Frameworks */,
				041F851FE71D0E3A7C11613A /* libPods.a in Frameworks */,
			);
			runOnlyForDeploymentPostprocessing = 0;
		};
		58C1312A1B8EF5A60095045A /* Frameworks */ = {
			isa = PBXFrameworksBuildPhase;
			buildActionMask = 2147483647;
			files = (
			);
			runOnlyForDeploymentPostprocessing = 0;
		};
/* End PBXFrameworksBuildPhase section */

/* Begin PBXGroup section */
		20C06A8EAE4527031BE42BC0 /* Frameworks */ = {
			isa = PBXGroup;
			children = (
				58C7F3DB1B999D0600BD6C64 /* SystemConfiguration.framework */,
				D36C847A1B95C54600193073 /* AddressBook.framework */,
				58C131791B8F036A0095045A /* MapKit.framework */,
				58C131771B8F03650095045A /* CoreLocation.framework */,
				58C131751B8F035F0095045A /* CoreGraphics.framework */,
				58C131731B8F03530095045A /* UIKit.framework */,
				58C131711B8F034D0095045A /* Foundation.framework */,
				A3EC1D9E43C52520F2972EB0 /* libPods.a */,
			);
			name = Frameworks;
			sourceTree = "<group>";
		};
		3E2C557D1B99763800702866 /* GoogleGeocoder */ = {
			isa = PBXGroup;
			children = (
				3E2C557E1B99765F00702866 /* GMPGoogleGeocoder.h */,
				3E2C557F1B99765F00702866 /* GMPGoogleGeocoder.m */,
			);
			name = GoogleGeocoder;
			sourceTree = "<group>";
		};
		3E5B6EC71BCD6C2900C24821 /* GovMapWebViewController */ = {
			isa = PBXGroup;
			children = (
				3E5B6EC81BCD6C8000C24821 /* GMPGovMapWebViewController.h */,
				3E5B6EC91BCD6C8000C24821 /* GMPGovMapWebViewController.m */,
			);
			name = GovMapWebViewController;
			sourceTree = "<group>";
		};
		3E820AB11B8F3D3400EDEEA4 /* SearchWithAddressView */ = {
			isa = PBXGroup;
			children = (
				3E820AB21B8F3D6400EDEEA4 /* GMPSearchWithAddressView.h */,
				3E820AB31B8F3D6400EDEEA4 /* GMPSearchWithAddressView.m */,
				58A841A11B94792D0032AEF0 /* GMPSearchWithAddressView.xib */,
			);
			name = SearchWithAddressView;
			sourceTree = "<group>";
		};
		3E820AB71B90358A00EDEEA4 /* SearchWithAddressController */ = {
			isa = PBXGroup;
			children = (
				3E820AB81B9035DB00EDEEA4 /* GMPSearchWithAddressViewController.h */,
				3E820AB91B9035DB00EDEEA4 /* GMPSearchWithAddressViewController.m */,
			);
			name = SearchWithAddressController;
			sourceTree = "<group>";
		};
		3E820ABB1B90373700EDEEA4 /* SearchWithGeoNumbersView */ = {
			isa = PBXGroup;
			children = (
				3E820ABC1B90379600EDEEA4 /* GMPSearchWithGeoNumbersView.h */,
				3E820ABD1B90379600EDEEA4 /* GMPSearchWithGeoNumbersView.m */,
				58A8419A1B9479180032AEF0 /* GMPSearchWithGeoNumbersView.xib */,
			);
			name = SearchWithGeoNumbersView;
			sourceTree = "<group>";
		};
		3E820AC11B903F4000EDEEA4 /* SearchWithGeoNumbersController */ = {
			isa = PBXGroup;
			children = (
				3E820AC21B903FF700EDEEA4 /* GMPSearchWithGeoNumbersController.h */,
				3E820AC31B903FF700EDEEA4 /* GMPSearchWithGeoNumbersController.m */,
			);
			name = SearchWithGeoNumbersController;
			sourceTree = "<group>";
		};
		3E8F91791B95AA4700CDBF6F /* BaseSearchView */ = {
			isa = PBXGroup;
			children = (
				3E8F917A1B95AA8A00CDBF6F /* GMPBaseSearchView.h */,
				3E8F917B1B95AA8A00CDBF6F /* GMPBaseSearchView.m */,
			);
			name = BaseSearchView;
			sourceTree = "<group>";
		};
		3E8F917D1B95CC5E00CDBF6F /* UIResponder */ = {
			isa = PBXGroup;
			children = (
				3E8F917E1B95CC6700CDBF6F /* UIResponder+FirstResponder */,
			);
			name = UIResponder;
			sourceTree = "<group>";
		};
		3E8F917E1B95CC6700CDBF6F /* UIResponder+FirstResponder */ = {
			isa = PBXGroup;
			children = (
				3E8F917F1B95CCE300CDBF6F /* UIResponder+FirstResponder.h */,
				3E8F91801B95CCE300CDBF6F /* UIResponder+FirstResponder.m */,
			);
			name = "UIResponder+FirstResponder";
			sourceTree = "<group>";
		};
		3EC10CA91B94428400EF2DF6 /* Cadastre */ = {
			isa = PBXGroup;
			children = (
				3EC10CAD1B94444000EF2DF6 /* GMPCadastre.h */,
				3EC10CAE1B94444000EF2DF6 /* GMPCadastre.m */,
			);
			name = Cadastre;
			sourceTree = "<group>";
		};
		3EC10CB31B9454EE00EF2DF6 /* GovMapCommunicatorDelegate */ = {
			isa = PBXGroup;
			children = (
				3EC10CB41B94574C00EF2DF6 /* GMPCommunicatorDelegate.h */,
			);
			name = GovMapCommunicatorDelegate;
			sourceTree = "<group>";
		};
		3EFC40C61B942EE700EEBC65 /* GovMapCommunicator */ = {
			isa = PBXGroup;
			children = (
				3EFC40CA1B942FE700EEBC65 /* GMPCommunicator.h */,
				3EFC40CB1B942FE700EEBC65 /* GMPCommunicator.m */,
			);
			name = GovMapCommunicator;
			sourceTree = "<group>";
		};
		58A841B31B949DF00032AEF0 /* WazeNavigationService */ = {
			isa = PBXGroup;
			children = (
				58A841B41B949E0C0032AEF0 /* GMPWazeNavigationService.h */,
				58A841B51B949E0C0032AEF0 /* GMPWazeNavigationService.m */,
			);
			name = WazeNavigationService;
			sourceTree = "<group>";
		};
		58C1310B1B8EF5A50095045A = {
			isa = PBXGroup;
			children = (
				58C131161B8EF5A60095045A /* GovMap */,
				58C131301B8EF5A60095045A /* GovMapTests */,
				58C131151B8EF5A60095045A /* Products */,
				AF955FFAC164DEF1D65EAD82 /* Pods */,
				20C06A8EAE4527031BE42BC0 /* Frameworks */,
			);
			sourceTree = "<group>";
		};
		58C131151B8EF5A60095045A /* Products */ = {
			isa = PBXGroup;
			children = (
				58C131141B8EF5A60095045A /* Relocate.app */,
				58C1312D1B8EF5A60095045A /* RelocateTests.xctest */,
			);
			name = Products;
			sourceTree = "<group>";
		};
		58C131161B8EF5A60095045A /* GovMap */ = {
			isa = PBXGroup;
			children = (
				58C1313D1B8EF6CC0095045A /* Classes */,
				58C1311B1B8EF5A60095045A /* AppDelegate.h */,
				58C1311C1B8EF5A60095045A /* AppDelegate.m */,
				58C131211B8EF5A60095045A /* Main.storyboard */,
				58C131241B8EF5A60095045A /* Images.xcassets */,
				58C131261B8EF5A60095045A /* LaunchScreen.xib */,
				58C131171B8EF5A60095045A /* Supporting Files */,
			);
			path = GovMap;
			sourceTree = "<group>";
		};
		58C131171B8EF5A60095045A /* Supporting Files */ = {
			isa = PBXGroup;
			children = (
				D363CE691B981839001836F5 /* IsraelLocations */,
				58C1313F1B8EF7170095045A /* Resources */,
				58C1313E1B8EF7110095045A /* Macros */,
				58C131181B8EF5A60095045A /* Info.plist */,
				58C131191B8EF5A60095045A /* main.m */,
			);
			name = "Supporting Files";
			sourceTree = "<group>";
		};
		58C131301B8EF5A60095045A /* GovMapTests */ = {
			isa = PBXGroup;
			children = (
				58C131331B8EF5A60095045A /* GovMapTests.m */,
				58C131311B8EF5A60095045A /* Supporting Files */,
			);
			path = GovMapTests;
			sourceTree = "<group>";
		};
		58C131311B8EF5A60095045A /* Supporting Files */ = {
			isa = PBXGroup;
			children = (
				58C131321B8EF5A60095045A /* Info.plist */,
			);
			name = "Supporting Files";
			sourceTree = "<group>";
		};
		58C1313D1B8EF6CC0095045A /* Classes */ = {
			isa = PBXGroup;
			children = (
				58C7F3D51B999BAB00BD6C64 /* Libraries */,
				58C131461B8EF7960095045A /* MVC */,
				58C131451B8EF7920095045A /* Cells */,
				58C131441B8EF78C0095045A /* Utilities */,
				58C131431B8EF7800095045A /* Categories */,
				58C131421B8EF77B0095045A /* Protocols */,
				58C131411B8EF7760095045A /* Managers */,
				58C131401B8EF76E0095045A /* Services */,
			);
			name = Classes;
			sourceTree = "<group>";
		};
		58C1313E1B8EF7110095045A /* Macros */ = {
			isa = PBXGroup;
			children = (
				58C1319C1B8F05A60095045A /* GMPMacros.h */,
			);
			name = Macros;
			sourceTree = "<group>";
		};
		58C1313F1B8EF7170095045A /* Resources */ = {
			isa = PBXGroup;
			children = (
				58C1319D1B8F05FC0095045A /* Relocate-Prefix.pch */,
				58A841B11B947E270032AEF0 /* Localizable.strings */,
			);
			name = Resources;
			sourceTree = "<group>";
		};
		58C131401B8EF76E0095045A /* Services */ = {
			isa = PBXGroup;
			children = (
				58C7F3D11B999B3900BD6C64 /* ReachabilityService */,
				D3E2897B1B96E96900F7C177 /* ModelServices */,
				58A841B31B949DF00032AEF0 /* WazeNavigationService */,
				D39029B11B9060570097C4B6 /* UserAnnotatation */,
				58C1314C1B8EF8090095045A /* SerialViewsConstructor */,
				58C1314B1B8EF7F50095045A /* AlertsService */,
			);
			name = Services;
			sourceTree = "<group>";
		};
		58C131411B8EF7760095045A /* Managers */ = {
			isa = PBXGroup;
			children = (
				3E2C557D1B99763800702866 /* GoogleGeocoder */,
				3EFC40C61B942EE700EEBC65 /* GovMapCommunicator */,
				58C1314A1B8EF7DB0095045A /* LocationObserver */,
			);
			name = Managers;
			sourceTree = "<group>";
		};
		58C131421B8EF77B0095045A /* Protocols */ = {
			isa = PBXGroup;
			children = (
				3EC10CB31B9454EE00EF2DF6 /* GovMapCommunicatorDelegate */,
			);
			name = Protocols;
			sourceTree = "<group>";
		};
		58C131431B8EF7800095045A /* Categories */ = {
			isa = PBXGroup;
			children = (
				3E8F917D1B95CC5E00CDBF6F /* UIResponder */,
				58C131541B8EFF530095045A /* UIViewController */,
				58C131531B8EFF4E0095045A /* UIView */,
				58C131521B8EFF420095045A /* UIImage */,
				58C131511B8EFF3C0095045A /* UIFont */,
				58C131501B8EFF360095045A /* NSString */,
				58C1314F1B8EFF290095045A /* NSDictionary */,
			);
			name = Categories;
			sourceTree = "<group>";
		};
		58C131441B8EF78C0095045A /* Utilities */ = {
			isa = PBXGroup;
			children = (
				58C1314D1B8EF81C0095045A /* GlobalConstants */,
			);
			name = Utilities;
			sourceTree = "<group>";
		};
		58C131451B8EF7920095045A /* Cells */ = {
			isa = PBXGroup;
			children = (
			);
			name = Cells;
			sourceTree = "<group>";
		};
		58C131461B8EF7960095045A /* MVC */ = {
			isa = PBXGroup;
			children = (
				58C131491B8EF7C60095045A /* Controllers */,
				58C131481B8EF7C20095045A /* Views */,
				58C131471B8EF79B0095045A /* Models */,
			);
			name = MVC;
			sourceTree = "<group>";
		};
		58C131471B8EF79B0095045A /* Models */ = {
			isa = PBXGroup;
			children = (
				58C8E8261B95A384002F8F61 /* Address */,
				3EC10CA91B94428400EF2DF6 /* Cadastre */,
			);
			name = Models;
			sourceTree = "<group>";
		};
		58C131481B8EF7C20095045A /* Views */ = {
			isa = PBXGroup;
			children = (
				D3C8594A1BCE730B00C82814 /* CheckBoxButton */,
				D3E7D2EF1B9D796500609406 /* BorderdTextField */,
				58D7C82C1B997B1200965EF2 /* RoundedCornersButton */,
				3E8F91791B95AA4700CDBF6F /* BaseSearchView */,
				3E820ABB1B90373700EDEEA4 /* SearchWithGeoNumbersView */,
				3E820AB11B8F3D3400EDEEA4 /* SearchWithAddressView */,
				D3E534721B8F1DE500C9D87B /* MenuView */,
			);
			name = Views;
			sourceTree = "<group>";
		};
		58C131491B8EF7C60095045A /* Controllers */ = {
			isa = PBXGroup;
			children = (
				D3855A301BCE4EFD00FB2946 /* TermsAndConditionsController */,
				3E5B6EC71BCD6C2900C24821 /* GovMapWebViewController */,
				D3EEAAE91BB573F900E1B192 /* AppLanguageSwitch */,
				3E820AC11B903F4000EDEEA4 /* SearchWithGeoNumbersController */,
				3E820AB71B90358A00EDEEA4 /* SearchWithAddressController */,
				D39029A91B90504D0097C4B6 /* MapViewController */,
				58C1319E1B8F097A0095045A /* SplashScreenController */,
				58C131981B8F051B0095045A /* MainMenuController */,
				58C131911B8F046A0095045A /* BaseNavigationController */,
				58C131901B8F045F0095045A /* BaseViewController */,
			);
			name = Controllers;
			sourceTree = "<group>";
		};
		58C1314A1B8EF7DB0095045A /* LocationObserver */ = {
			isa = PBXGroup;
			children = (
				58C1318D1B8F043B0095045A /* GMPLocationObserver.h */,
				58C1318E1B8F043B0095045A /* GMPLocationObserver.m */,
			);
			name = LocationObserver;
			sourceTree = "<group>";
		};
		58C1314B1B8EF7F50095045A /* AlertsService */ = {
			isa = PBXGroup;
			children = (
				58C1318A1B8F041F0095045A /* GMPAlertService.h */,
				58C1318B1B8F041F0095045A /* GMPAlertService.m */,
			);
			name = AlertsService;
			sourceTree = "<group>";
		};
		58C1314C1B8EF8090095045A /* SerialViewsConstructor */ = {
			isa = PBXGroup;
			children = (
				58C131871B8F04030095045A /* GMPSerialViewsConstructor.h */,
				58C131881B8F04030095045A /* GMPSerialViewsConstructor.m */,
			);
			name = SerialViewsConstructor;
			sourceTree = "<group>";
		};
		58C1314D1B8EF81C0095045A /* GlobalConstants */ = {
			isa = PBXGroup;
			children = (
				58C1314E1B8EFEE50095045A /* GMPGlobalConstants.h */,
			);
			name = GlobalConstants;
			sourceTree = "<group>";
		};
		58C1314F1B8EFF290095045A /* NSDictionary */ = {
			isa = PBXGroup;
			children = (
				58C131551B8EFF630095045A /* NSDictionary+JSONRepresentation */,
			);
			name = NSDictionary;
			sourceTree = "<group>";
		};
		58C131501B8EFF360095045A /* NSString */ = {
			isa = PBXGroup;
			children = (
				58C131581B8EFFBC0095045A /* NSString+JSONRepresentation */,
				58C131571B8EFFB50095045A /* NSString+Base64Decoding */,
				58C131561B8EFFAD0095045A /* NSString+ContainsString */,
			);
			name = NSString;
			sourceTree = "<group>";
		};
		58C131511B8EFF3C0095045A /* UIFont */ = {
			isa = PBXGroup;
			children = (
				58C131591B8EFFDA0095045A /* UIFont+Styles */,
			);
			name = UIFont;
			sourceTree = "<group>";
		};
		58C131521B8EFF420095045A /* UIImage */ = {
			isa = PBXGroup;
			children = (
				58C1315A1B8EFFE80095045A /* UIImage+Base64Encoding */,
			);
			name = UIImage;
			sourceTree = "<group>";
		};
		58C131531B8EFF4E0095045A /* UIView */ = {
			isa = PBXGroup;
			children = (
				58C1315E1B8F029B0095045A /* UIView+SoftRemoving */,
				58C1315D1B8F02930095045A /* UIView+Shaking */,
				58C1315C1B8F02880095045A /* UIView+ConfigureAnchorPoint */,
				58C1315B1B8EFFF50095045A /* UIView+MakeFromXib */,
			);
			name = UIView;
			sourceTree = "<group>";
		};
		58C131541B8EFF530095045A /* UIViewController */ = {
			isa = PBXGroup;
			children = (
			);
			name = UIViewController;
			sourceTree = "<group>";
		};
		58C131551B8EFF630095045A /* NSDictionary+JSONRepresentation */ = {
			isa = PBXGroup;
			children = (
				58C131841B8F03C00095045A /* NSDictionary+JSONRepresentation.h */,
				58C131851B8F03C00095045A /* NSDictionary+JSONRepresentation.m */,
			);
			name = "NSDictionary+JSONRepresentation";
			sourceTree = "<group>";
		};
		58C131561B8EFFAD0095045A /* NSString+ContainsString */ = {
			isa = PBXGroup;
			children = (
				58C131811B8F03B00095045A /* NSString+ContainsString.h */,
				58C131821B8F03B00095045A /* NSString+ContainsString.m */,
			);
			name = "NSString+ContainsString";
			sourceTree = "<group>";
		};
		58C131571B8EFFB50095045A /* NSString+Base64Decoding */ = {
			isa = PBXGroup;
			children = (
				58C1317E1B8F03A10095045A /* NSString+Base64Decoding.h */,
				58C1317F1B8F03A10095045A /* NSString+Base64Decoding.m */,
			);
			name = "NSString+Base64Decoding";
			sourceTree = "<group>";
		};
		58C131581B8EFFBC0095045A /* NSString+JSONRepresentation */ = {
			isa = PBXGroup;
			children = (
				58C1317B1B8F03920095045A /* NSString+JSONRepresentation.h */,
				58C1317C1B8F03920095045A /* NSString+JSONRepresentation.m */,
			);
			name = "NSString+JSONRepresentation";
			sourceTree = "<group>";
		};
		58C131591B8EFFDA0095045A /* UIFont+Styles */ = {
			isa = PBXGroup;
			children = (
				58C1316E1B8F03130095045A /* UIFont+Styles.h */,
				58C1316F1B8F03130095045A /* UIFont+Styles.m */,
			);
			name = "UIFont+Styles";
			sourceTree = "<group>";
		};
		58C1315A1B8EFFE80095045A /* UIImage+Base64Encoding */ = {
			isa = PBXGroup;
			children = (
				58C1316B1B8F03030095045A /* UIImage+Base64Encoding.h */,
				58C1316C1B8F03030095045A /* UIImage+Base64Encoding.m */,
			);
			name = "UIImage+Base64Encoding";
			sourceTree = "<group>";
		};
		58C1315B1B8EFFF50095045A /* UIView+MakeFromXib */ = {
			isa = PBXGroup;
			children = (
				58C131681B8F02F00095045A /* UIView+MakeFromXib.h */,
				58C131691B8F02F00095045A /* UIView+MakeFromXib.m */,
			);
			name = "UIView+MakeFromXib";
			sourceTree = "<group>";
		};
		58C1315C1B8F02880095045A /* UIView+ConfigureAnchorPoint */ = {
			isa = PBXGroup;
			children = (
				58C131651B8F02E10095045A /* UIView+ConfigureAnchorPoint.h */,
				58C131661B8F02E10095045A /* UIView+ConfigureAnchorPoint.m */,
			);
			name = "UIView+ConfigureAnchorPoint";
			sourceTree = "<group>";
		};
		58C1315D1B8F02930095045A /* UIView+Shaking */ = {
			isa = PBXGroup;
			children = (
				58C131621B8F02CE0095045A /* UIView+Shaking.h */,
				58C131631B8F02CE0095045A /* UIView+Shaking.m */,
			);
			name = "UIView+Shaking";
			sourceTree = "<group>";
		};
		58C1315E1B8F029B0095045A /* UIView+SoftRemoving */ = {
			isa = PBXGroup;
			children = (
				58C1315F1B8F02C10095045A /* UIView+SoftRemoving.h */,
				58C131601B8F02C10095045A /* UIView+SoftRemoving.m */,
			);
			name = "UIView+SoftRemoving";
			sourceTree = "<group>";
		};
		58C131901B8F045F0095045A /* BaseViewController */ = {
			isa = PBXGroup;
			children = (
				58C131921B8F04920095045A /* GMPBaseViewController.h */,
				58C131931B8F04920095045A /* GMPBaseViewController.m */,
			);
			name = BaseViewController;
			sourceTree = "<group>";
		};
		58C131911B8F046A0095045A /* BaseNavigationController */ = {
			isa = PBXGroup;
			children = (
				58C131951B8F04FB0095045A /* GMPBaseNavigationController.h */,
				58C131961B8F04FB0095045A /* GMPBaseNavigationController.m */,
			);
			name = BaseNavigationController;
			sourceTree = "<group>";
		};
		58C131981B8F051B0095045A /* MainMenuController */ = {
			isa = PBXGroup;
			children = (
				58C131991B8F054A0095045A /* GMPMainMenuController.h */,
				58C1319A1B8F054A0095045A /* GMPMainMenuController.m */,
			);
			name = MainMenuController;
			sourceTree = "<group>";
		};
		58C1319E1B8F097A0095045A /* SplashScreenController */ = {
			isa = PBXGroup;
			children = (
				58C1319F1B8F09C80095045A /* GMPSplashScreenController.h */,
				58C131A01B8F09C80095045A /* GMPSplashScreenController.m */,
			);
			name = SplashScreenController;
			sourceTree = "<group>";
		};
		58C7F3D11B999B3900BD6C64 /* ReachabilityService */ = {
			isa = PBXGroup;
			children = (
				58C7F3D21B999B6100BD6C64 /* GMPReachabilityService.h */,
				58C7F3D31B999B6100BD6C64 /* GMPReachabilityService.m */,
			);
			name = ReachabilityService;
			sourceTree = "<group>";
		};
		58C7F3D51B999BAB00BD6C64 /* Libraries */ = {
			isa = PBXGroup;
			children = (
				58C7F3D61B999BC900BD6C64 /* Reachability */,
			);
			name = Libraries;
			sourceTree = "<group>";
		};
		58C7F3D61B999BC900BD6C64 /* Reachability */ = {
			isa = PBXGroup;
			children = (
				58C7F3DD1B999E7F00BD6C64 /* Reachability.h */,
				58C7F3DE1B999E7F00BD6C64 /* Reachability.m */,
			);
			name = Reachability;
			sourceTree = "<group>";
		};
		58C8E8261B95A384002F8F61 /* Address */ = {
			isa = PBXGroup;
			children = (
				58C8E8271B95A3A7002F8F61 /* GMPLocationAddress.h */,
				58C8E8281B95A3A7002F8F61 /* GMPLocationAddress.m */,
			);
			name = Address;
			sourceTree = "<group>";
		};
		58D7C82C1B997B1200965EF2 /* RoundedCornersButton */ = {
			isa = PBXGroup;
			children = (
				58D7C82D1B997B3C00965EF2 /* GMPRoundedCornersButton.h */,
				58D7C82E1B997B3C00965EF2 /* GMPRoundedCornersButton.m */,
			);
			name = RoundedCornersButton;
			sourceTree = "<group>";
		};
		AF955FFAC164DEF1D65EAD82 /* Pods */ = {
			isa = PBXGroup;
			children = (
				0062777DAD5A5BC2F5C8A757 /* Pods.debug.xcconfig */,
				1B6EBDB5D3D66E278DA2A0BA /* Pods.release.xcconfig */,
			);
			name = Pods;
			sourceTree = "<group>";
		};
		D363CE691B981839001836F5 /* IsraelLocations */ = {
			isa = PBXGroup;
			children = (
				D363CE6F1B981BB4001836F5 /* Block45Smooth5384.gpx */,
			);
			name = IsraelLocations;
			sourceTree = "<group>";
		};
		D3855A301BCE4EFD00FB2946 /* TermsAndConditionsController */ = {
			isa = PBXGroup;
			children = (
				D3855A311BCE4F4D00FB2946 /* GMPTermsAndConditionsController.h */,
				D3855A321BCE4F4D00FB2946 /* GMPTermsAndConditionsController.m */,
			);
			name = TermsAndConditionsController;
			sourceTree = "<group>";
		};
		D39029A91B90504D0097C4B6 /* MapViewController */ = {
			isa = PBXGroup;
			children = (
				D39029AA1B9050A30097C4B6 /* GMPMapController.h */,
				D39029AB1B9050A30097C4B6 /* GMPMapController.m */,
			);
			name = MapViewController;
			sourceTree = "<group>";
		};
		D39029B11B9060570097C4B6 /* UserAnnotatation */ = {
			isa = PBXGroup;
			children = (
				D39029B21B9060B80097C4B6 /* GMPUserAnnotation.h */,
				D39029B31B9060B80097C4B6 /* GMPUserAnnotation.m */,
			);
			name = UserAnnotatation;
			sourceTree = "<group>";
		};
		D3C8594A1BCE730B00C82814 /* CheckBoxButton */ = {
			isa = PBXGroup;
			children = (
				D3C859561BCE9D7C00C82814 /* GMPCheckBoxButton.h */,
				D3C859571BCE9D7C00C82814 /* GMPCheckBoxButton.m */,
			);
			name = CheckBoxButton;
			sourceTree = "<group>";
		};
		D3E2897B1B96E96900F7C177 /* ModelServices */ = {
			isa = PBXGroup;
			children = (
				D3E2897C1B96E97900F7C177 /* LocationAddressParser */,
			);
			name = ModelServices;
			sourceTree = "<group>";
		};
		D3E2897C1B96E97900F7C177 /* LocationAddressParser */ = {
			isa = PBXGroup;
			children = (
				D3E2897D1B96E9B600F7C177 /* GMPLocationAddressParser.h */,
				D3E2897E1B96E9B600F7C177 /* GMPLocationAddressParser.m */,
			);
			name = LocationAddressParser;
			sourceTree = "<group>";
		};
		D3E534721B8F1DE500C9D87B /* MenuView */ = {
			isa = PBXGroup;
			children = (
				D3E534791B8F39FA00C9D87B /* GMPMenuView.h */,
				D3E5347A1B8F39FA00C9D87B /* GMPMenuView.m */,
				58A841A81B9479410032AEF0 /* GMPMenuView.xib */,
			);
			name = MenuView;
			sourceTree = "<group>";
		};
		D3E7D2EF1B9D796500609406 /* BorderdTextField */ = {
			isa = PBXGroup;
			children = (
				D3E7D2F71B9D91A700609406 /* GMPBorderedTextField.h */,
				D3E7D2F81B9D91A700609406 /* GMPBorderedTextField.m */,
			);
			name = BorderdTextField;
			sourceTree = "<group>";
		};
		D3EEAAE91BB573F900E1B192 /* AppLanguageSwitch */ = {
			isa = PBXGroup;
			children = (
				D3EEAAEA1BB5749A00E1B192 /* GMPAppLanguageSwitchController.h */,
				D3EEAAEB1BB5749A00E1B192 /* GMPAppLanguageSwitchController.m */,
				D35370FD1BB6E873002C9985 /* GMPAppLanguageSwitchController.xib */,
			);
			name = AppLanguageSwitch;
			sourceTree = "<group>";
		};
/* End PBXGroup section */

/* Begin PBXNativeTarget section */
		58C131131B8EF5A60095045A /* Relocate */ = {
			isa = PBXNativeTarget;
			buildConfigurationList = 58C131371B8EF5A60095045A /* Build configuration list for PBXNativeTarget "Relocate" */;
			buildPhases = (
				D012271E9894AA32EA456102 /* Check Pods Manifest.lock */,
				58C131101B8EF5A60095045A /* Sources */,
				58C131111B8EF5A60095045A /* Frameworks */,
				58C131121B8EF5A60095045A /* Resources */,
				A17E77279E82D401C3BBDFD8 /* Copy Pods Resources */,
			);
			buildRules = (
			);
			dependencies = (
			);
			name = Relocate;
			productName = GovMap;
			productReference = 58C131141B8EF5A60095045A /* Relocate.app */;
			productType = "com.apple.product-type.application";
		};
		58C1312C1B8EF5A60095045A /* RelocateTests */ = {
			isa = PBXNativeTarget;
			buildConfigurationList = 58C1313A1B8EF5A60095045A /* Build configuration list for PBXNativeTarget "RelocateTests" */;
			buildPhases = (
				58C131291B8EF5A60095045A /* Sources */,
				58C1312A1B8EF5A60095045A /* Frameworks */,
				58C1312B1B8EF5A60095045A /* Resources */,
			);
			buildRules = (
			);
			dependencies = (
				58C1312F1B8EF5A60095045A /* PBXTargetDependency */,
			);
			name = RelocateTests;
			productName = GovMapTests;
			productReference = 58C1312D1B8EF5A60095045A /* RelocateTests.xctest */;
			productType = "com.apple.product-type.bundle.unit-test";
		};
/* End PBXNativeTarget section */

/* Begin PBXProject section */
		58C1310C1B8EF5A50095045A /* Project object */ = {
			isa = PBXProject;
			attributes = {
				CLASSPREFIX = GMP;
				LastUpgradeCheck = 0630;
				ORGANIZATIONNAME = ThinkMobiles;
				TargetAttributes = {
					58C131131B8EF5A60095045A = {
						CreatedOnToolsVersion = 6.3.1;
						DevelopmentTeam = 7JSQETKKF7;
					};
					58C1312C1B8EF5A60095045A = {
						CreatedOnToolsVersion = 6.3.1;
						DevelopmentTeam = 7JSQETKKF7;
						TestTargetID = 58C131131B8EF5A60095045A;
					};
				};
			};
			buildConfigurationList = 58C1310F1B8EF5A50095045A /* Build configuration list for PBXProject "Relocate" */;
			compatibilityVersion = "Xcode 3.2";
			developmentRegion = English;
			hasScannedForEncodings = 0;
			knownRegions = (
				en,
				Base,
				he,
			);
			mainGroup = 58C1310B1B8EF5A50095045A;
			productRefGroup = 58C131151B8EF5A60095045A /* Products */;
			projectDirPath = "";
			projectRoot = "";
			targets = (
				58C131131B8EF5A60095045A /* Relocate */,
				58C1312C1B8EF5A60095045A /* RelocateTests */,
			);
		};
/* End PBXProject section */

/* Begin PBXResourcesBuildPhase section */
		58C131121B8EF5A60095045A /* Resources */ = {
			isa = PBXResourcesBuildPhase;
			buildActionMask = 2147483647;
			files = (
				58C131231B8EF5A60095045A /* Main.storyboard in Resources */,
				58A841A61B9479410032AEF0 /* GMPMenuView.xib in Resources */,
				58A841981B9479180032AEF0 /* GMPSearchWithGeoNumbersView.xib in Resources */,
				58A841AF1B947E270032AEF0 /* Localizable.strings in Resources */,
				D363CE711B981BB4001836F5 /* Block45Smooth5384.gpx in Resources */,
				58C131281B8EF5A60095045A /* LaunchScreen.xib in Resources */,
				58A8419F1B94792D0032AEF0 /* GMPSearchWithAddressView.xib in Resources */,
				58C131251B8EF5A60095045A /* Images.xcassets in Resources */,
				D35370FB1BB6E873002C9985 /* GMPAppLanguageSwitchController.xib in Resources */,
			);
			runOnlyForDeploymentPostprocessing = 0;
		};
		58C1312B1B8EF5A60095045A /* Resources */ = {
			isa = PBXResourcesBuildPhase;
			buildActionMask = 2147483647;
			files = (
			);
			runOnlyForDeploymentPostprocessing = 0;
		};
/* End PBXResourcesBuildPhase section */

/* Begin PBXShellScriptBuildPhase section */
		A17E77279E82D401C3BBDFD8 /* Copy Pods Resources */ = {
			isa = PBXShellScriptBuildPhase;
			buildActionMask = 2147483647;
			files = (
			);
			inputPaths = (
			);
			name = "Copy Pods Resources";
			outputPaths = (
			);
			runOnlyForDeploymentPostprocessing = 0;
			shellPath = /bin/sh;
			shellScript = "\"${SRCROOT}/Pods/Target Support Files/Pods/Pods-resources.sh\"\n";
			showEnvVarsInLog = 0;
		};
		D012271E9894AA32EA456102 /* Check Pods Manifest.lock */ = {
			isa = PBXShellScriptBuildPhase;
			buildActionMask = 2147483647;
			files = (
			);
			inputPaths = (
			);
			name = "Check Pods Manifest.lock";
			outputPaths = (
			);
			runOnlyForDeploymentPostprocessing = 0;
			shellPath = /bin/sh;
			shellScript = "diff \"${PODS_ROOT}/../Podfile.lock\" \"${PODS_ROOT}/Manifest.lock\" > /dev/null\nif [[ $? != 0 ]] ; then\n    cat << EOM\nerror: The sandbox is not in sync with the Podfile.lock. Run 'pod install' or update your CocoaPods installation.\nEOM\n    exit 1\nfi\n";
			showEnvVarsInLog = 0;
		};
/* End PBXShellScriptBuildPhase section */

/* Begin PBXSourcesBuildPhase section */
		58C131101B8EF5A60095045A /* Sources */ = {
			isa = PBXSourcesBuildPhase;
			buildActionMask = 2147483647;
			files = (
				58C131941B8F04920095045A /* GMPBaseViewController.m in Sources */,
				58C1317D1B8F03920095045A /* NSString+JSONRepresentation.m in Sources */,
				3E820AB51B8F3D6400EDEEA4 /* GMPSearchWithAddressView.m in Sources */,
				58C131641B8F02CE0095045A /* UIView+Shaking.m in Sources */,
				D3EEAAED1BB5749A00E1B192 /* GMPAppLanguageSwitchController.m in Sources */,
				58A841B61B949E0D0032AEF0 /* GMPWazeNavigationService.m in Sources */,
				58C1311D1B8EF5A60095045A /* AppDelegate.m in Sources */,
				58C1318F1B8F043B0095045A /* GMPLocationObserver.m in Sources */,
				58C1316A1B8F02F00095045A /* UIView+MakeFromXib.m in Sources */,
				58C7F3D41B999B6100BD6C64 /* GMPReachabilityService.m in Sources */,
				D39029AC1B9050A30097C4B6 /* GMPMapController.m in Sources */,
				58C7F3DF1B999E7F00BD6C64 /* Reachability.m in Sources */,
				58C1319B1B8F054A0095045A /* GMPMainMenuController.m in Sources */,
				58C1311A1B8EF5A60095045A /* main.m in Sources */,
				58C131A11B8F09C80095045A /* GMPSplashScreenController.m in Sources */,
				58C131861B8F03C00095045A /* NSDictionary+JSONRepresentation.m in Sources */,
				3E2C55801B99765F00702866 /* GMPGoogleGeocoder.m in Sources */,
				3E820ABE1B90379600EDEEA4 /* GMPSearchWithGeoNumbersView.m in Sources */,
				58C131891B8F04030095045A /* GMPSerialViewsConstructor.m in Sources */,
				58C131671B8F02E10095045A /* UIView+ConfigureAnchorPoint.m in Sources */,
				D3E7D2F91B9D91A700609406 /* GMPBorderedTextField.m in Sources */,
				D3E5347B1B8F39FA00C9D87B /* GMPMenuView.m in Sources */,
				58C8E8291B95A3A7002F8F61 /* GMPLocationAddress.m in Sources */,
				D3855A331BCE4F4D00FB2946 /* GMPTermsAndConditionsController.m in Sources */,
				58D7C82F1B997B3C00965EF2 /* GMPRoundedCornersButton.m in Sources */,
				D3C859581BCE9D7C00C82814 /* GMPCheckBoxButton.m in Sources */,
				3E820AC41B903FF700EDEEA4 /* GMPSearchWithGeoNumbersController.m in Sources */,
				3E820ABA1B9035DB00EDEEA4 /* GMPSearchWithAddressViewController.m in Sources */,
				58C1316D1B8F03030095045A /* UIImage+Base64Encoding.m in Sources */,
				58C131801B8F03A10095045A /* NSString+Base64Decoding.m in Sources */,
				58C131701B8F03130095045A /* UIFont+Styles.m in Sources */,
				D39029B41B9060B80097C4B6 /* GMPUserAnnotation.m in Sources */,
				58C131611B8F02C10095045A /* UIView+SoftRemoving.m in Sources */,
				3EC10CAF1B94444000EF2DF6 /* GMPCadastre.m in Sources */,
				58C131831B8F03B00095045A /* NSString+ContainsString.m in Sources */,
				3EFC40CC1B942FE700EEBC65 /* GMPCommunicator.m in Sources */,
				3E5B6ECA1BCD6C8000C24821 /* GMPGovMapWebViewController.m in Sources */,
				58C1318C1B8F041F0095045A /* GMPAlertService.m in Sources */,
				58C131971B8F04FB0095045A /* GMPBaseNavigationController.m in Sources */,
				3E8F917C1B95AA8A00CDBF6F /* GMPBaseSearchView.m in Sources */,
				D3E2897F1B96E9B600F7C177 /* GMPLocationAddressParser.m in Sources */,
				3E8F91811B95CCE300CDBF6F /* UIResponder+FirstResponder.m in Sources */,
			);
			runOnlyForDeploymentPostprocessing = 0;
		};
		58C131291B8EF5A60095045A /* Sources */ = {
			isa = PBXSourcesBuildPhase;
			buildActionMask = 2147483647;
			files = (
				58C131341B8EF5A60095045A /* GovMapTests.m in Sources */,
			);
			runOnlyForDeploymentPostprocessing = 0;
		};
/* End PBXSourcesBuildPhase section */

/* Begin PBXTargetDependency section */
		58C1312F1B8EF5A60095045A /* PBXTargetDependency */ = {
			isa = PBXTargetDependency;
			target = 58C131131B8EF5A60095045A /* Relocate */;
			targetProxy = 58C1312E1B8EF5A60095045A /* PBXContainerItemProxy */;
		};
/* End PBXTargetDependency section */

/* Begin PBXVariantGroup section */
		58A8419A1B9479180032AEF0 /* GMPSearchWithGeoNumbersView.xib */ = {
			isa = PBXVariantGroup;
			children = (
				58A841991B9479180032AEF0 /* Base */,
				58A8419C1B94791C0032AEF0 /* en */,
				58A8419E1B94791F0032AEF0 /* he */,
			);
			name = GMPSearchWithGeoNumbersView.xib;
			path = Classes/MVC/VIews/SearchWithGeoNumbersView;
			sourceTree = "<group>";
		};
		58A841A11B94792D0032AEF0 /* GMPSearchWithAddressView.xib */ = {
			isa = PBXVariantGroup;
			children = (
				58A841A01B94792D0032AEF0 /* Base */,
				58A841A31B94792F0032AEF0 /* en */,
				58A841A51B9479310032AEF0 /* he */,
			);
			name = GMPSearchWithAddressView.xib;
			path = Classes/MVC/VIews/SearchWithAddressView;
			sourceTree = "<group>";
		};
		58A841A81B9479410032AEF0 /* GMPMenuView.xib */ = {
			isa = PBXVariantGroup;
			children = (
				58A841A71B9479410032AEF0 /* Base */,
				58A841AA1B9479440032AEF0 /* en */,
				58A841AC1B9479460032AEF0 /* he */,
			);
			name = GMPMenuView.xib;
			sourceTree = "<group>";
		};
		58A841B11B947E270032AEF0 /* Localizable.strings */ = {
			isa = PBXVariantGroup;
			children = (
				58A841B01B947E270032AEF0 /* en */,
				58A841B21B947E2B0032AEF0 /* he */,
			);
			name = Localizable.strings;
			sourceTree = "<group>";
		};
		58C131211B8EF5A60095045A /* Main.storyboard */ = {
			isa = PBXVariantGroup;
			children = (
				58C131221B8EF5A60095045A /* Base */,
				58A841921B9479000032AEF0 /* he */,
				58A841951B9479050032AEF0 /* en */,
			);
			name = Main.storyboard;
			sourceTree = "<group>";
		};
		58C131261B8EF5A60095045A /* LaunchScreen.xib */ = {
			isa = PBXVariantGroup;
			children = (
				58C131271B8EF5A60095045A /* Base */,
				58A841931B9479000032AEF0 /* he */,
				58A841971B94790A0032AEF0 /* en */,
			);
			name = LaunchScreen.xib;
			sourceTree = "<group>";
		};
		D35370FD1BB6E873002C9985 /* GMPAppLanguageSwitchController.xib */ = {
			isa = PBXVariantGroup;
			children = (
				D35370FC1BB6E873002C9985 /* Base */,
				D35370FF1BB6E87F002C9985 /* en */,
				D35371011BB6E89E002C9985 /* he */,
			);
			name = GMPAppLanguageSwitchController.xib;
			path = Classes/MVC/Controllers/AppLanguageSwitch;
			sourceTree = "<group>";
		};
/* End PBXVariantGroup section */

/* Begin XCBuildConfiguration section */
		58C131351B8EF5A60095045A /* Debug */ = {
			isa = XCBuildConfiguration;
			buildSettings = {
				ALWAYS_SEARCH_USER_PATHS = NO;
				CLANG_CXX_LANGUAGE_STANDARD = "gnu++0x";
				CLANG_CXX_LIBRARY = "libc++";
				CLANG_ENABLE_MODULES = YES;
				CLANG_ENABLE_OBJC_ARC = YES;
				CLANG_WARN_BOOL_CONVERSION = YES;
				CLANG_WARN_CONSTANT_CONVERSION = YES;
				CLANG_WARN_DIRECT_OBJC_ISA_USAGE = YES_ERROR;
				CLANG_WARN_EMPTY_BODY = YES;
				CLANG_WARN_ENUM_CONVERSION = YES;
				CLANG_WARN_INT_CONVERSION = YES;
				CLANG_WARN_OBJC_ROOT_CLASS = YES_ERROR;
				CLANG_WARN_UNREACHABLE_CODE = YES;
				CLANG_WARN__DUPLICATE_METHOD_MATCH = YES;
				CODE_SIGN_IDENTITY = "iPhone Distribution: ThinkMobiles (7JSQETKKF7)";
				"CODE_SIGN_IDENTITY[sdk=iphoneos*]" = "iPhone Distribution: ThinkMobiles (7JSQETKKF7)";
				COPY_PHASE_STRIP = NO;
				DEBUG_INFORMATION_FORMAT = "dwarf-with-dsym";
				ENABLE_STRICT_OBJC_MSGSEND = YES;
				GCC_C_LANGUAGE_STANDARD = gnu99;
				GCC_DYNAMIC_NO_PIC = NO;
				GCC_NO_COMMON_BLOCKS = YES;
				GCC_OPTIMIZATION_LEVEL = 0;
				GCC_PREPROCESSOR_DEFINITIONS = (
					"DEBUG=1",
					"$(inherited)",
				);
				GCC_SYMBOLS_PRIVATE_EXTERN = NO;
				GCC_WARN_64_TO_32_BIT_CONVERSION = YES;
				GCC_WARN_ABOUT_RETURN_TYPE = YES_ERROR;
				GCC_WARN_UNDECLARED_SELECTOR = YES;
				GCC_WARN_UNINITIALIZED_AUTOS = YES_AGGRESSIVE;
				GCC_WARN_UNUSED_FUNCTION = YES;
				GCC_WARN_UNUSED_VARIABLE = YES;
				IPHONEOS_DEPLOYMENT_TARGET = 8.0;
				MTL_ENABLE_DEBUG_INFO = YES;
				ONLY_ACTIVE_ARCH = YES;
				PROVISIONING_PROFILE = "881ebf32-c829-42a2-a214-001fd3ad6888";
				SDKROOT = iphoneos;
			};
			name = Debug;
		};
		58C131361B8EF5A60095045A /* Release */ = {
			isa = XCBuildConfiguration;
			buildSettings = {
				ALWAYS_SEARCH_USER_PATHS = NO;
				CLANG_CXX_LANGUAGE_STANDARD = "gnu++0x";
				CLANG_CXX_LIBRARY = "libc++";
				CLANG_ENABLE_MODULES = YES;
				CLANG_ENABLE_OBJC_ARC = YES;
				CLANG_WARN_BOOL_CONVERSION = YES;
				CLANG_WARN_CONSTANT_CONVERSION = YES;
				CLANG_WARN_DIRECT_OBJC_ISA_USAGE = YES_ERROR;
				CLANG_WARN_EMPTY_BODY = YES;
				CLANG_WARN_ENUM_CONVERSION = YES;
				CLANG_WARN_INT_CONVERSION = YES;
				CLANG_WARN_OBJC_ROOT_CLASS = YES_ERROR;
				CLANG_WARN_UNREACHABLE_CODE = YES;
				CLANG_WARN__DUPLICATE_METHOD_MATCH = YES;
				CODE_SIGN_IDENTITY = "iPhone Distribution: ThinkMobiles (7JSQETKKF7)";
				"CODE_SIGN_IDENTITY[sdk=iphoneos*]" = "iPhone Distribution: ThinkMobiles (7JSQETKKF7)";
				COPY_PHASE_STRIP = NO;
				DEBUG_INFORMATION_FORMAT = "dwarf-with-dsym";
				ENABLE_NS_ASSERTIONS = NO;
				ENABLE_STRICT_OBJC_MSGSEND = YES;
				GCC_C_LANGUAGE_STANDARD = gnu99;
				GCC_NO_COMMON_BLOCKS = YES;
				GCC_WARN_64_TO_32_BIT_CONVERSION = YES;
				GCC_WARN_ABOUT_RETURN_TYPE = YES_ERROR;
				GCC_WARN_UNDECLARED_SELECTOR = YES;
				GCC_WARN_UNINITIALIZED_AUTOS = YES_AGGRESSIVE;
				GCC_WARN_UNUSED_FUNCTION = YES;
				GCC_WARN_UNUSED_VARIABLE = YES;
				IPHONEOS_DEPLOYMENT_TARGET = 8.0;
				MTL_ENABLE_DEBUG_INFO = NO;
				PROVISIONING_PROFILE = "881ebf32-c829-42a2-a214-001fd3ad6888";
				SDKROOT = iphoneos;
				VALIDATE_PRODUCT = YES;
			};
			name = Release;
		};
		58C131381B8EF5A60095045A /* Debug */ = {
			isa = XCBuildConfiguration;
			baseConfigurationReference = 0062777DAD5A5BC2F5C8A757 /* Pods.debug.xcconfig */;
			buildSettings = {
				ASSETCATALOG_COMPILER_APPICON_NAME = AppIcon;
				ASSETCATALOG_COMPILER_LAUNCHIMAGE_NAME = LaunchImage;
				CODE_SIGN_IDENTITY = "iPhone Developer";
				"CODE_SIGN_IDENTITY[sdk=iphoneos*]" = "iPhone Developer";
				ENABLE_BITCODE = NO;
				GCC_PRECOMPILE_PREFIX_HEADER = YES;
				GCC_PREFIX_HEADER = "GovMap/Relocate-Prefix.pch";
				INFOPLIST_FILE = GovMap/Info.plist;
				IPHONEOS_DEPLOYMENT_TARGET = 8.0;
				LD_RUNPATH_SEARCH_PATHS = "$(inherited) @executable_path/Frameworks";
				PRODUCT_NAME = Relocate;
				PROVISIONING_PROFILE = "881ebf32-c829-42a2-a214-001fd3ad6888";
			};
			name = Debug;
		};
		58C131391B8EF5A60095045A /* Release */ = {
			isa = XCBuildConfiguration;
			baseConfigurationReference = 1B6EBDB5D3D66E278DA2A0BA /* Pods.release.xcconfig */;
			buildSettings = {
				ASSETCATALOG_COMPILER_APPICON_NAME = AppIcon;
				ASSETCATALOG_COMPILER_LAUNCHIMAGE_NAME = LaunchImage;
				CODE_SIGN_IDENTITY = "iPhone Developer";
				"CODE_SIGN_IDENTITY[sdk=iphoneos*]" = "iPhone Developer";
				ENABLE_BITCODE = NO;
				GCC_PRECOMPILE_PREFIX_HEADER = YES;
				GCC_PREFIX_HEADER = "GovMap/Relocate-Prefix.pch";
				INFOPLIST_FILE = GovMap/Info.plist;
				IPHONEOS_DEPLOYMENT_TARGET = 8.0;
				LD_RUNPATH_SEARCH_PATHS = "$(inherited) @executable_path/Frameworks";
				PRODUCT_NAME = Relocate;
				PROVISIONING_PROFILE = "881ebf32-c829-42a2-a214-001fd3ad6888";
			};
			name = Release;
		};
		58C1313B1B8EF5A60095045A /* Debug */ = {
			isa = XCBuildConfiguration;
			buildSettings = {
				BUNDLE_LOADER = "$(TEST_HOST)";
				CODE_SIGN_IDENTITY = "iPhone Developer";
				"CODE_SIGN_IDENTITY[sdk=iphoneos*]" = "iPhone Developer";
				FRAMEWORK_SEARCH_PATHS = (
					"$(SDKROOT)/Developer/Library/Frameworks",
					"$(inherited)",
				);
				GCC_PREPROCESSOR_DEFINITIONS = (
					"DEBUG=1",
					"$(inherited)",
				);
				INFOPLIST_FILE = GovMapTests/Info.plist;
				LD_RUNPATH_SEARCH_PATHS = "$(inherited) @executable_path/Frameworks @loader_path/Frameworks";
				PRODUCT_NAME = RelocateTests;
				PROVISIONING_PROFILE = "";
				TEST_HOST = "$(BUILT_PRODUCTS_DIR)/GovMap.app/GovMap";
			};
			name = Debug;
		};
		58C1313C1B8EF5A60095045A /* Release */ = {
			isa = XCBuildConfiguration;
			buildSettings = {
				BUNDLE_LOADER = "$(TEST_HOST)";
				CODE_SIGN_IDENTITY = "iPhone Developer";
				"CODE_SIGN_IDENTITY[sdk=iphoneos*]" = "iPhone Developer";
				FRAMEWORK_SEARCH_PATHS = (
					"$(SDKROOT)/Developer/Library/Frameworks",
					"$(inherited)",
				);
				INFOPLIST_FILE = GovMapTests/Info.plist;
				LD_RUNPATH_SEARCH_PATHS = "$(inherited) @executable_path/Frameworks @loader_path/Frameworks";
				PRODUCT_NAME = RelocateTests;
				PROVISIONING_PROFILE = "";
				TEST_HOST = "$(BUILT_PRODUCTS_DIR)/GovMap.app/GovMap";
			};
			name = Release;
		};
/* End XCBuildConfiguration section */

/* Begin XCConfigurationList section */
		58C1310F1B8EF5A50095045A /* Build configuration list for PBXProject "Relocate" */ = {
			isa = XCConfigurationList;
			buildConfigurations = (
				58C131351B8EF5A60095045A /* Debug */,
				58C131361B8EF5A60095045A /* Release */,
			);
			defaultConfigurationIsVisible = 0;
			defaultConfigurationName = Release;
		};
		58C131371B8EF5A60095045A /* Build configuration list for PBXNativeTarget "Relocate" */ = {
			isa = XCConfigurationList;
			buildConfigurations = (
				58C131381B8EF5A60095045A /* Debug */,
				58C131391B8EF5A60095045A /* Release */,
			);
			defaultConfigurationIsVisible = 0;
			defaultConfigurationName = Release;
		};
		58C1313A1B8EF5A60095045A /* Build configuration list for PBXNativeTarget "RelocateTests" */ = {
			isa = XCConfigurationList;
			buildConfigurations = (
				58C1313B1B8EF5A60095045A /* Debug */,
				58C1313C1B8EF5A60095045A /* Release */,
			);
			defaultConfigurationIsVisible = 0;
			defaultConfigurationName = Release;
		};
/* End XCConfigurationList section */
	};
	rootObject = 58C1310C1B8EF5A50095045A /* Project object */;
}
